// !$*UTF8*$!
{
	archiveVersion = 1;
	classes = {
	};
	objectVersion = 56;
	objects = {

/* Begin PBXBuildFile section */
		A90CD7922B489FB4008036D4 /* CalendarViewController.swift in Sources */ = {isa = PBXBuildFile; fileRef = A90CD7912B489FB4008036D4 /* CalendarViewController.swift */; };
		A90CD7942B489FC5008036D4 /* EKWrapper.swift in Sources */ = {isa = PBXBuildFile; fileRef = A90CD7932B489FC5008036D4 /* EKWrapper.swift */; };
		A90CD7A02B4A651F008036D4 /* CalendarKit in Frameworks */ = {isa = PBXBuildFile; productRef = A90CD79F2B4A651F008036D4 /* CalendarKit */; };
		A92F831C2B4EE61F00AFFFBD /* TaskEditor.swift in Sources */ = {isa = PBXBuildFile; fileRef = A92F831B2B4EE61F00AFFFBD /* TaskEditor.swift */; };
		A92F83262B521A8700AFFFBD /* DueDateSelection.swift in Sources */ = {isa = PBXBuildFile; fileRef = A92F83252B521A8700AFFFBD /* DueDateSelection.swift */; };
		A92F83282B54572300AFFFBD /* ChooseDateView.swift in Sources */ = {isa = PBXBuildFile; fileRef = A92F83272B54572300AFFFBD /* ChooseDateView.swift */; };
		A9598AB92B1E445A00C14541 /* TaskRow.swift in Sources */ = {isa = PBXBuildFile; fileRef = A9598AB82B1E445A00C14541 /* TaskRow.swift */; };
		A97798702B4E05F800ACA144 /* CalendarNavigationController.swift in Sources */ = {isa = PBXBuildFile; fileRef = A977986F2B4E05F800ACA144 /* CalendarNavigationController.swift */; };
		A97798722B4E06CD00ACA144 /* CalendarView.swift in Sources */ = {isa = PBXBuildFile; fileRef = A97798712B4E06CD00ACA144 /* CalendarView.swift */; };
		A9A821FF2AF355FE002E0F61 /* Foca2App.swift in Sources */ = {isa = PBXBuildFile; fileRef = A9A821FE2AF355FE002E0F61 /* Foca2App.swift */; };
		A9A822012AF355FE002E0F61 /* ContentView.swift in Sources */ = {isa = PBXBuildFile; fileRef = A9A822002AF355FE002E0F61 /* ContentView.swift */; };
		A9A822032AF355FF002E0F61 /* Assets.xcassets in Resources */ = {isa = PBXBuildFile; fileRef = A9A822022AF355FF002E0F61 /* Assets.xcassets */; };
		A9A822062AF355FF002E0F61 /* Preview Assets.xcassets in Resources */ = {isa = PBXBuildFile; fileRef = A9A822052AF355FF002E0F61 /* Preview Assets.xcassets */; };
		A9A822102AF355FF002E0F61 /* Foca2Tests.swift in Sources */ = {isa = PBXBuildFile; fileRef = A9A8220F2AF355FF002E0F61 /* Foca2Tests.swift */; };
		A9A8221A2AF355FF002E0F61 /* Foca2UITests.swift in Sources */ = {isa = PBXBuildFile; fileRef = A9A822192AF355FF002E0F61 /* Foca2UITests.swift */; };
		A9A8221C2AF355FF002E0F61 /* Foca2UITestsLaunchTests.swift in Sources */ = {isa = PBXBuildFile; fileRef = A9A8221B2AF355FF002E0F61 /* Foca2UITestsLaunchTests.swift */; };
		A9A8222A2AF356E9002E0F61 /* Foca2.xcdatamodeld in Sources */ = {isa = PBXBuildFile; fileRef = A9A822282AF356E9002E0F61 /* Foca2.xcdatamodeld */; };
		A9A8222C2AF358E2002E0F61 /* DataController.swift in Sources */ = {isa = PBXBuildFile; fileRef = A9A8222B2AF358E2002E0F61 /* DataController.swift */; };
		A9BFCEB32B58747E00F55EE3 /* ReminderDateSelection.swift in Sources */ = {isa = PBXBuildFile; fileRef = A9BFCEB22B58747E00F55EE3 /* ReminderDateSelection.swift */; };
		A9BFCEBA2B59BC3000F55EE3 /* NotesEditor.swift in Sources */ = {isa = PBXBuildFile; fileRef = A9BFCEB92B59BC3000F55EE3 /* NotesEditor.swift */; };
		A9BFCEBC2B5F0EE600F55EE3 /* TabBar.swift in Sources */ = {isa = PBXBuildFile; fileRef = A9BFCEBB2B5F0EE600F55EE3 /* TabBar.swift */; };
		A9BFCEBF2B608C5000F55EE3 /* SheetHeader.swift in Sources */ = {isa = PBXBuildFile; fileRef = A9BFCEBE2B608C5000F55EE3 /* SheetHeader.swift */; };
		A9BFCEC12B608F4100F55EE3 /* PickADateButton.swift in Sources */ = {isa = PBXBuildFile; fileRef = A9BFCEC02B608F4100F55EE3 /* PickADateButton.swift */; };
		A9BFCEC32B608FFF00F55EE3 /* ScreenTimeView.swift in Sources */ = {isa = PBXBuildFile; fileRef = A9BFCEC22B608FFF00F55EE3 /* ScreenTimeView.swift */; };
		A9BFCEC72B61603F00F55EE3 /* TimeSelectionCircle.swift in Sources */ = {isa = PBXBuildFile; fileRef = A9BFCEC62B61603F00F55EE3 /* TimeSelectionCircle.swift */; };
		A9BFCEC92B61604E00F55EE3 /* TimerCircle.swift in Sources */ = {isa = PBXBuildFile; fileRef = A9BFCEC82B61604E00F55EE3 /* TimerCircle.swift */; };
		A9BFCECB2B6201EB00F55EE3 /* TimeSelectorView.swift in Sources */ = {isa = PBXBuildFile; fileRef = A9BFCECA2B6201EB00F55EE3 /* TimeSelectorView.swift */; };
		A9BFCECE2B62F40D00F55EE3 /* SomeSettingsView.swift in Sources */ = {isa = PBXBuildFile; fileRef = A9BFCECD2B62F40D00F55EE3 /* SomeSettingsView.swift */; };
		A9BFCED12B6324BF00F55EE3 /* SessionModel.swift in Sources */ = {isa = PBXBuildFile; fileRef = A9BFCED02B6324BF00F55EE3 /* SessionModel.swift */; };
		A9BFCED42B6415C100F55EE3 /* TaskItem+CoreDataClass.swift in Sources */ = {isa = PBXBuildFile; fileRef = A9BFCED22B6415C100F55EE3 /* TaskItem+CoreDataClass.swift */; };
		A9BFCED52B6415C100F55EE3 /* TaskItem+CoreDataProperties.swift in Sources */ = {isa = PBXBuildFile; fileRef = A9BFCED32B6415C100F55EE3 /* TaskItem+CoreDataProperties.swift */; };
		A9BFCEDC2B64396A00F55EE3 /* DeviceActivity.framework in Frameworks */ = {isa = PBXBuildFile; fileRef = A9BFCEDB2B64396A00F55EE3 /* DeviceActivity.framework */; };
		A9BFCEDF2B64396A00F55EE3 /* DeviceActivityMonitorExtension.swift in Sources */ = {isa = PBXBuildFile; fileRef = A9BFCEDE2B64396A00F55EE3 /* DeviceActivityMonitorExtension.swift */; };
		A9BFCEE42B64396A00F55EE3 /* DeviceActivityMonitor.appex in Embed Foundation Extensions */ = {isa = PBXBuildFile; fileRef = A9BFCEDA2B64396A00F55EE3 /* DeviceActivityMonitor.appex */; settings = {ATTRIBUTES = (RemoveHeadersOnCopy, ); }; };
		A9BFCEEC2B64841B00F55EE3 /* SessionModel.swift in Sources */ = {isa = PBXBuildFile; fileRef = A9BFCED02B6324BF00F55EE3 /* SessionModel.swift */; };
		A9BFCEED2B6484C200F55EE3 /* Random.swift in Sources */ = {isa = PBXBuildFile; fileRef = A9C651F12B17AADA000B3D2A /* Random.swift */; };
		A9C651F22B17AADA000B3D2A /* Random.swift in Sources */ = {isa = PBXBuildFile; fileRef = A9C651F12B17AADA000B3D2A /* Random.swift */; };
		A9C651F62B17ACF6000B3D2A /* TaskTile.swift in Sources */ = {isa = PBXBuildFile; fileRef = A9C651F52B17ACF6000B3D2A /* TaskTile.swift */; };
		A9C651FE2B19A308000B3D2A /* TaskModel.swift in Sources */ = {isa = PBXBuildFile; fileRef = A9C651FD2B19A308000B3D2A /* TaskModel.swift */; };
		A9FA71292AF4A31800B5E1EC /* Schedule.swift in Sources */ = {isa = PBXBuildFile; fileRef = A9FA71282AF4A31800B5E1EC /* Schedule.swift */; };
		A9FA712B2AF4A3AC00B5E1EC /* DateSelector.swift in Sources */ = {isa = PBXBuildFile; fileRef = A9FA712A2AF4A3AC00B5E1EC /* DateSelector.swift */; };
		A9FA712D2AF4B38B00B5E1EC /* DateModel.swift in Sources */ = {isa = PBXBuildFile; fileRef = A9FA712C2AF4B38B00B5E1EC /* DateModel.swift */; };
/* End PBXBuildFile section */

/* Begin PBXContainerItemProxy section */
		A9A8220C2AF355FF002E0F61 /* PBXContainerItemProxy */ = {
			isa = PBXContainerItemProxy;
			containerPortal = A9A821F32AF355FE002E0F61 /* Project object */;
			proxyType = 1;
			remoteGlobalIDString = A9A821FA2AF355FE002E0F61;
			remoteInfo = Foca2;
		};
		A9A822162AF355FF002E0F61 /* PBXContainerItemProxy */ = {
			isa = PBXContainerItemProxy;
			containerPortal = A9A821F32AF355FE002E0F61 /* Project object */;
			proxyType = 1;
			remoteGlobalIDString = A9A821FA2AF355FE002E0F61;
			remoteInfo = Foca2;
		};
		A9BFCEE22B64396A00F55EE3 /* PBXContainerItemProxy */ = {
			isa = PBXContainerItemProxy;
			containerPortal = A9A821F32AF355FE002E0F61 /* Project object */;
			proxyType = 1;
			remoteGlobalIDString = A9BFCED92B64396A00F55EE3;
			remoteInfo = DeviceActivityMonitor;
		};
/* End PBXContainerItemProxy section */

/* Begin PBXCopyFilesBuildPhase section */
		A9BFCEE82B64396A00F55EE3 /* Embed Foundation Extensions */ = {
			isa = PBXCopyFilesBuildPhase;
			buildActionMask = 2147483647;
			dstPath = "";
			dstSubfolderSpec = 13;
			files = (
				A9BFCEE42B64396A00F55EE3 /* DeviceActivityMonitor.appex in Embed Foundation Extensions */,
			);
			name = "Embed Foundation Extensions";
			runOnlyForDeploymentPostprocessing = 0;
		};
/* End PBXCopyFilesBuildPhase section */

/* Begin PBXFileReference section */
		A90CD7912B489FB4008036D4 /* CalendarViewController.swift */ = {isa = PBXFileReference; fileEncoding = 4; lastKnownFileType = sourcecode.swift; name = CalendarViewController.swift; path = ../../../CalendarApp/Calendar/CalendarViewController.swift; sourceTree = "<group>"; };
		A90CD7932B489FC5008036D4 /* EKWrapper.swift */ = {isa = PBXFileReference; fileEncoding = 4; lastKnownFileType = sourcecode.swift; name = EKWrapper.swift; path = ../../../CalendarApp/Calendar/EKWrapper.swift; sourceTree = "<group>"; };
		A90CD79D2B4A64C8008036D4 /* CalendarKit */ = {isa = PBXFileReference; lastKnownFileType = text; path = CalendarKit; sourceTree = SOURCE_ROOT; };
		A92F831B2B4EE61F00AFFFBD /* TaskEditor.swift */ = {isa = PBXFileReference; lastKnownFileType = sourcecode.swift; path = TaskEditor.swift; sourceTree = "<group>"; };
		A92F83252B521A8700AFFFBD /* DueDateSelection.swift */ = {isa = PBXFileReference; lastKnownFileType = sourcecode.swift; path = DueDateSelection.swift; sourceTree = "<group>"; };
		A92F83272B54572300AFFFBD /* ChooseDateView.swift */ = {isa = PBXFileReference; lastKnownFileType = sourcecode.swift; path = ChooseDateView.swift; sourceTree = "<group>"; };
		A9598AB82B1E445A00C14541 /* TaskRow.swift */ = {isa = PBXFileReference; lastKnownFileType = sourcecode.swift; path = TaskRow.swift; sourceTree = "<group>"; };
		A977986F2B4E05F800ACA144 /* CalendarNavigationController.swift */ = {isa = PBXFileReference; lastKnownFileType = sourcecode.swift; path = CalendarNavigationController.swift; sourceTree = "<group>"; };
		A97798712B4E06CD00ACA144 /* CalendarView.swift */ = {isa = PBXFileReference; lastKnownFileType = sourcecode.swift; path = CalendarView.swift; sourceTree = "<group>"; };
		A9A821FB2AF355FE002E0F61 /* Foca2.app */ = {isa = PBXFileReference; explicitFileType = wrapper.application; includeInIndex = 0; path = Foca2.app; sourceTree = BUILT_PRODUCTS_DIR; };
		A9A821FE2AF355FE002E0F61 /* Foca2App.swift */ = {isa = PBXFileReference; lastKnownFileType = sourcecode.swift; path = Foca2App.swift; sourceTree = "<group>"; };
		A9A822002AF355FE002E0F61 /* ContentView.swift */ = {isa = PBXFileReference; lastKnownFileType = sourcecode.swift; path = ContentView.swift; sourceTree = "<group>"; };
		A9A822022AF355FF002E0F61 /* Assets.xcassets */ = {isa = PBXFileReference; lastKnownFileType = folder.assetcatalog; path = Assets.xcassets; sourceTree = "<group>"; };
		A9A822052AF355FF002E0F61 /* Preview Assets.xcassets */ = {isa = PBXFileReference; lastKnownFileType = folder.assetcatalog; path = "Preview Assets.xcassets"; sourceTree = "<group>"; };
		A9A8220B2AF355FF002E0F61 /* Foca2Tests.xctest */ = {isa = PBXFileReference; explicitFileType = wrapper.cfbundle; includeInIndex = 0; path = Foca2Tests.xctest; sourceTree = BUILT_PRODUCTS_DIR; };
		A9A8220F2AF355FF002E0F61 /* Foca2Tests.swift */ = {isa = PBXFileReference; lastKnownFileType = sourcecode.swift; path = Foca2Tests.swift; sourceTree = "<group>"; };
		A9A822152AF355FF002E0F61 /* Foca2UITests.xctest */ = {isa = PBXFileReference; explicitFileType = wrapper.cfbundle; includeInIndex = 0; path = Foca2UITests.xctest; sourceTree = BUILT_PRODUCTS_DIR; };
		A9A822192AF355FF002E0F61 /* Foca2UITests.swift */ = {isa = PBXFileReference; lastKnownFileType = sourcecode.swift; path = Foca2UITests.swift; sourceTree = "<group>"; };
		A9A8221B2AF355FF002E0F61 /* Foca2UITestsLaunchTests.swift */ = {isa = PBXFileReference; lastKnownFileType = sourcecode.swift; path = Foca2UITestsLaunchTests.swift; sourceTree = "<group>"; };
		A9A822292AF356E9002E0F61 /* Foca2.xcdatamodel */ = {isa = PBXFileReference; lastKnownFileType = wrapper.xcdatamodel; path = Foca2.xcdatamodel; sourceTree = "<group>"; };
		A9A8222B2AF358E2002E0F61 /* DataController.swift */ = {isa = PBXFileReference; lastKnownFileType = sourcecode.swift; path = DataController.swift; sourceTree = "<group>"; };
		A9BFCEB22B58747E00F55EE3 /* ReminderDateSelection.swift */ = {isa = PBXFileReference; lastKnownFileType = sourcecode.swift; path = ReminderDateSelection.swift; sourceTree = "<group>"; };
		A9BFCEB82B58E15E00F55EE3 /* Info.plist */ = {isa = PBXFileReference; lastKnownFileType = text.plist; path = Info.plist; sourceTree = "<group>"; };
		A9BFCEB92B59BC3000F55EE3 /* NotesEditor.swift */ = {isa = PBXFileReference; lastKnownFileType = sourcecode.swift; path = NotesEditor.swift; sourceTree = "<group>"; };
		A9BFCEBB2B5F0EE600F55EE3 /* TabBar.swift */ = {isa = PBXFileReference; lastKnownFileType = sourcecode.swift; path = TabBar.swift; sourceTree = "<group>"; };
		A9BFCEBE2B608C5000F55EE3 /* SheetHeader.swift */ = {isa = PBXFileReference; lastKnownFileType = sourcecode.swift; path = SheetHeader.swift; sourceTree = "<group>"; };
		A9BFCEC02B608F4100F55EE3 /* PickADateButton.swift */ = {isa = PBXFileReference; lastKnownFileType = sourcecode.swift; path = PickADateButton.swift; sourceTree = "<group>"; };
		A9BFCEC22B608FFF00F55EE3 /* ScreenTimeView.swift */ = {isa = PBXFileReference; lastKnownFileType = sourcecode.swift; path = ScreenTimeView.swift; sourceTree = "<group>"; };
		A9BFCEC62B61603F00F55EE3 /* TimeSelectionCircle.swift */ = {isa = PBXFileReference; lastKnownFileType = sourcecode.swift; path = TimeSelectionCircle.swift; sourceTree = "<group>"; };
		A9BFCEC82B61604E00F55EE3 /* TimerCircle.swift */ = {isa = PBXFileReference; lastKnownFileType = sourcecode.swift; path = TimerCircle.swift; sourceTree = "<group>"; };
		A9BFCECA2B6201EB00F55EE3 /* TimeSelectorView.swift */ = {isa = PBXFileReference; lastKnownFileType = sourcecode.swift; path = TimeSelectorView.swift; sourceTree = "<group>"; };
		A9BFCECC2B62F21800F55EE3 /* Foca2.entitlements */ = {isa = PBXFileReference; lastKnownFileType = text.plist.entitlements; path = Foca2.entitlements; sourceTree = "<group>"; };
		A9BFCECD2B62F40D00F55EE3 /* SomeSettingsView.swift */ = {isa = PBXFileReference; lastKnownFileType = sourcecode.swift; path = SomeSettingsView.swift; sourceTree = "<group>"; };
		A9BFCED02B6324BF00F55EE3 /* SessionModel.swift */ = {isa = PBXFileReference; lastKnownFileType = sourcecode.swift; path = SessionModel.swift; sourceTree = "<group>"; };
		A9BFCED22B6415C100F55EE3 /* TaskItem+CoreDataClass.swift */ = {isa = PBXFileReference; lastKnownFileType = sourcecode.swift; name = "TaskItem+CoreDataClass.swift"; path = "Foca2/TaskItem+CoreDataClass.swift"; sourceTree = SOURCE_ROOT; };
		A9BFCED32B6415C100F55EE3 /* TaskItem+CoreDataProperties.swift */ = {isa = PBXFileReference; lastKnownFileType = sourcecode.swift; name = "TaskItem+CoreDataProperties.swift"; path = "Foca2/TaskItem+CoreDataProperties.swift"; sourceTree = SOURCE_ROOT; };
		A9BFCEDA2B64396A00F55EE3 /* DeviceActivityMonitor.appex */ = {isa = PBXFileReference; explicitFileType = "wrapper.app-extension"; includeInIndex = 0; path = DeviceActivityMonitor.appex; sourceTree = BUILT_PRODUCTS_DIR; };
		A9BFCEDB2B64396A00F55EE3 /* DeviceActivity.framework */ = {isa = PBXFileReference; lastKnownFileType = wrapper.framework; name = DeviceActivity.framework; path = System/Library/Frameworks/DeviceActivity.framework; sourceTree = SDKROOT; };
		A9BFCEDE2B64396A00F55EE3 /* DeviceActivityMonitorExtension.swift */ = {isa = PBXFileReference; lastKnownFileType = sourcecode.swift; path = DeviceActivityMonitorExtension.swift; sourceTree = "<group>"; };
		A9BFCEE02B64396A00F55EE3 /* Info.plist */ = {isa = PBXFileReference; lastKnownFileType = text.plist.xml; path = Info.plist; sourceTree = "<group>"; };
		A9BFCEE12B64396A00F55EE3 /* DeviceActivityMonitor.entitlements */ = {isa = PBXFileReference; lastKnownFileType = text.plist.entitlements; path = DeviceActivityMonitor.entitlements; sourceTree = "<group>"; };
		A9C651F12B17AADA000B3D2A /* Random.swift */ = {isa = PBXFileReference; lastKnownFileType = sourcecode.swift; path = Random.swift; sourceTree = "<group>"; };
		A9C651F52B17ACF6000B3D2A /* TaskTile.swift */ = {isa = PBXFileReference; lastKnownFileType = sourcecode.swift; path = TaskTile.swift; sourceTree = "<group>"; };
		A9C651FD2B19A308000B3D2A /* TaskModel.swift */ = {isa = PBXFileReference; lastKnownFileType = sourcecode.swift; path = TaskModel.swift; sourceTree = "<group>"; };
		A9FA71282AF4A31800B5E1EC /* Schedule.swift */ = {isa = PBXFileReference; lastKnownFileType = sourcecode.swift; path = Schedule.swift; sourceTree = "<group>"; };
		A9FA712A2AF4A3AC00B5E1EC /* DateSelector.swift */ = {isa = PBXFileReference; lastKnownFileType = sourcecode.swift; path = DateSelector.swift; sourceTree = "<group>"; };
		A9FA712C2AF4B38B00B5E1EC /* DateModel.swift */ = {isa = PBXFileReference; lastKnownFileType = sourcecode.swift; path = DateModel.swift; sourceTree = "<group>"; };
/* End PBXFileReference section */

/* Begin PBXFrameworksBuildPhase section */
		A9A821F82AF355FE002E0F61 /* Frameworks */ = {
			isa = PBXFrameworksBuildPhase;
			buildActionMask = 2147483647;
			files = (
				A90CD7A02B4A651F008036D4 /* CalendarKit in Frameworks */,
			);
			runOnlyForDeploymentPostprocessing = 0;
		};
		A9A822082AF355FF002E0F61 /* Frameworks */ = {
			isa = PBXFrameworksBuildPhase;
			buildActionMask = 2147483647;
			files = (
			);
			runOnlyForDeploymentPostprocessing = 0;
		};
		A9A822122AF355FF002E0F61 /* Frameworks */ = {
			isa = PBXFrameworksBuildPhase;
			buildActionMask = 2147483647;
			files = (
			);
			runOnlyForDeploymentPostprocessing = 0;
		};
		A9BFCED72B64396A00F55EE3 /* Frameworks */ = {
			isa = PBXFrameworksBuildPhase;
			buildActionMask = 2147483647;
			files = (
				A9BFCEDC2B64396A00F55EE3 /* DeviceActivity.framework in Frameworks */,
			);
			runOnlyForDeploymentPostprocessing = 0;
		};
/* End PBXFrameworksBuildPhase section */

/* Begin PBXGroup section */
		A90CD79E2B4A651F008036D4 /* Frameworks */ = {
			isa = PBXGroup;
			children = (
				A9BFCEDB2B64396A00F55EE3 /* DeviceActivity.framework */,
			);
			name = Frameworks;
			sourceTree = "<group>";
		};
		A9598ABA2B210D2E00C14541 /* ScheduleViews */ = {
			isa = PBXGroup;
			children = (
				A9FA71282AF4A31800B5E1EC /* Schedule.swift */,
				A9FA712A2AF4A3AC00B5E1EC /* DateSelector.swift */,
				A9BFCEBE2B608C5000F55EE3 /* SheetHeader.swift */,
				A9C651F52B17ACF6000B3D2A /* TaskTile.swift */,
				A92F831B2B4EE61F00AFFFBD /* TaskEditor.swift */,
				A92F83252B521A8700AFFFBD /* DueDateSelection.swift */,
				A9BFCEC02B608F4100F55EE3 /* PickADateButton.swift */,
				A9BFCEB92B59BC3000F55EE3 /* NotesEditor.swift */,
				A9BFCEB22B58747E00F55EE3 /* ReminderDateSelection.swift */,
				A92F83272B54572300AFFFBD /* ChooseDateView.swift */,
				A9598AB82B1E445A00C14541 /* TaskRow.swift */,
				A97798712B4E06CD00ACA144 /* CalendarView.swift */,
				A90CD7912B489FB4008036D4 /* CalendarViewController.swift */,
				A90CD7932B489FC5008036D4 /* EKWrapper.swift */,
				A977986F2B4E05F800ACA144 /* CalendarNavigationController.swift */,
			);
			path = ScheduleViews;
			sourceTree = "<group>";
		};
		A9598ABB2B210D6000C14541 /* CoreDataDefs */ = {
			isa = PBXGroup;
			children = (
				A9BFCED22B6415C100F55EE3 /* TaskItem+CoreDataClass.swift */,
				A9BFCED32B6415C100F55EE3 /* TaskItem+CoreDataProperties.swift */,
			);
			path = CoreDataDefs;
			sourceTree = "<group>";
		};
		A9A821F22AF355FE002E0F61 = {
			isa = PBXGroup;
			children = (
				A9A821FD2AF355FE002E0F61 /* Foca2 */,
				A9A8220E2AF355FF002E0F61 /* Foca2Tests */,
				A9A822182AF355FF002E0F61 /* Foca2UITests */,
				A9BFCEDD2B64396A00F55EE3 /* DeviceActivityMonitor */,
				A9A821FC2AF355FE002E0F61 /* Products */,
				A90CD79E2B4A651F008036D4 /* Frameworks */,
			);
			sourceTree = "<group>";
		};
		A9A821FC2AF355FE002E0F61 /* Products */ = {
			isa = PBXGroup;
			children = (
				A9A821FB2AF355FE002E0F61 /* Foca2.app */,
				A9A8220B2AF355FF002E0F61 /* Foca2Tests.xctest */,
				A9A822152AF355FF002E0F61 /* Foca2UITests.xctest */,
				A9BFCEDA2B64396A00F55EE3 /* DeviceActivityMonitor.appex */,
			);
			name = Products;
			sourceTree = "<group>";
		};
		A9A821FD2AF355FE002E0F61 /* Foca2 */ = {
			isa = PBXGroup;
			children = (
				A9BFCECC2B62F21800F55EE3 /* Foca2.entitlements */,
				A9BFCEB82B58E15E00F55EE3 /* Info.plist */,
				A9598ABB2B210D6000C14541 /* CoreDataDefs */,
				A9A821FE2AF355FE002E0F61 /* Foca2App.swift */,
				A9A822002AF355FE002E0F61 /* ContentView.swift */,
				A9BFCEBB2B5F0EE600F55EE3 /* TabBar.swift */,
				A9C651F12B17AADA000B3D2A /* Random.swift */,
				A9BFCECF2B6320B300F55EE3 /* Logic */,
				A9598ABA2B210D2E00C14541 /* ScheduleViews */,
				A9BFCEBD2B60899600F55EE3 /* ScreenTimeViews */,
				A9A822282AF356E9002E0F61 /* Foca2.xcdatamodeld */,
				A90CD79D2B4A64C8008036D4 /* CalendarKit */,
				A9A8222B2AF358E2002E0F61 /* DataController.swift */,
				A9A822022AF355FF002E0F61 /* Assets.xcassets */,
				A9A822042AF355FF002E0F61 /* Preview Content */,
			);
			path = Foca2;
			sourceTree = "<group>";
		};
		A9A822042AF355FF002E0F61 /* Preview Content */ = {
			isa = PBXGroup;
			children = (
				A9A822052AF355FF002E0F61 /* Preview Assets.xcassets */,
			);
			path = "Preview Content";
			sourceTree = "<group>";
		};
		A9A8220E2AF355FF002E0F61 /* Foca2Tests */ = {
			isa = PBXGroup;
			children = (
				A9A8220F2AF355FF002E0F61 /* Foca2Tests.swift */,
			);
			path = Foca2Tests;
			sourceTree = "<group>";
		};
		A9A822182AF355FF002E0F61 /* Foca2UITests */ = {
			isa = PBXGroup;
			children = (
				A9A822192AF355FF002E0F61 /* Foca2UITests.swift */,
				A9A8221B2AF355FF002E0F61 /* Foca2UITestsLaunchTests.swift */,
			);
			path = Foca2UITests;
			sourceTree = "<group>";
		};
		A9BFCEBD2B60899600F55EE3 /* ScreenTimeViews */ = {
			isa = PBXGroup;
			children = (
				A9BFCEC22B608FFF00F55EE3 /* ScreenTimeView.swift */,
				A9BFCECD2B62F40D00F55EE3 /* SomeSettingsView.swift */,
				A9BFCEC62B61603F00F55EE3 /* TimeSelectionCircle.swift */,
				A9BFCECA2B6201EB00F55EE3 /* TimeSelectorView.swift */,
				A9BFCEC82B61604E00F55EE3 /* TimerCircle.swift */,
			);
			path = ScreenTimeViews;
			sourceTree = "<group>";
		};
		A9BFCECF2B6320B300F55EE3 /* Logic */ = {
			isa = PBXGroup;
			children = (
				A9FA712C2AF4B38B00B5E1EC /* DateModel.swift */,
				A9BFCED02B6324BF00F55EE3 /* SessionModel.swift */,
				A9C651FD2B19A308000B3D2A /* TaskModel.swift */,
			);
			path = Logic;
			sourceTree = "<group>";
		};
		A9BFCEDD2B64396A00F55EE3 /* DeviceActivityMonitor */ = {
			isa = PBXGroup;
			children = (
				A9BFCEDE2B64396A00F55EE3 /* DeviceActivityMonitorExtension.swift */,
				A9BFCEE02B64396A00F55EE3 /* Info.plist */,
				A9BFCEE12B64396A00F55EE3 /* DeviceActivityMonitor.entitlements */,
			);
			path = DeviceActivityMonitor;
			sourceTree = "<group>";
		};
/* End PBXGroup section */

/* Begin PBXNativeTarget section */
		A9A821FA2AF355FE002E0F61 /* Foca2 */ = {
			isa = PBXNativeTarget;
			buildConfigurationList = A9A8221F2AF355FF002E0F61 /* Build configuration list for PBXNativeTarget "Foca2" */;
			buildPhases = (
				A9A821F72AF355FE002E0F61 /* Sources */,
				A9A821F82AF355FE002E0F61 /* Frameworks */,
				A9A821F92AF355FE002E0F61 /* Resources */,
				A9BFCEE82B64396A00F55EE3 /* Embed Foundation Extensions */,
			);
			buildRules = (
			);
			dependencies = (
				A9BFCEE32B64396A00F55EE3 /* PBXTargetDependency */,
			);
			name = Foca2;
			packageProductDependencies = (
				A90CD79F2B4A651F008036D4 /* CalendarKit */,
			);
			productName = Foca2;
			productReference = A9A821FB2AF355FE002E0F61 /* Foca2.app */;
			productType = "com.apple.product-type.application";
		};
		A9A8220A2AF355FF002E0F61 /* Foca2Tests */ = {
			isa = PBXNativeTarget;
			buildConfigurationList = A9A822222AF355FF002E0F61 /* Build configuration list for PBXNativeTarget "Foca2Tests" */;
			buildPhases = (
				A9A822072AF355FF002E0F61 /* Sources */,
				A9A822082AF355FF002E0F61 /* Frameworks */,
				A9A822092AF355FF002E0F61 /* Resources */,
			);
			buildRules = (
			);
			dependencies = (
				A9A8220D2AF355FF002E0F61 /* PBXTargetDependency */,
			);
			name = Foca2Tests;
			productName = Foca2Tests;
			productReference = A9A8220B2AF355FF002E0F61 /* Foca2Tests.xctest */;
			productType = "com.apple.product-type.bundle.unit-test";
		};
		A9A822142AF355FF002E0F61 /* Foca2UITests */ = {
			isa = PBXNativeTarget;
			buildConfigurationList = A9A822252AF355FF002E0F61 /* Build configuration list for PBXNativeTarget "Foca2UITests" */;
			buildPhases = (
				A9A822112AF355FF002E0F61 /* Sources */,
				A9A822122AF355FF002E0F61 /* Frameworks */,
				A9A822132AF355FF002E0F61 /* Resources */,
			);
			buildRules = (
			);
			dependencies = (
				A9A822172AF355FF002E0F61 /* PBXTargetDependency */,
			);
			name = Foca2UITests;
			productName = Foca2UITests;
			productReference = A9A822152AF355FF002E0F61 /* Foca2UITests.xctest */;
			productType = "com.apple.product-type.bundle.ui-testing";
		};
		A9BFCED92B64396A00F55EE3 /* DeviceActivityMonitor */ = {
			isa = PBXNativeTarget;
			buildConfigurationList = A9BFCEE52B64396A00F55EE3 /* Build configuration list for PBXNativeTarget "DeviceActivityMonitor" */;
			buildPhases = (
				A9BFCED62B64396A00F55EE3 /* Sources */,
				A9BFCED72B64396A00F55EE3 /* Frameworks */,
				A9BFCED82B64396A00F55EE3 /* Resources */,
			);
			buildRules = (
			);
			dependencies = (
			);
			name = DeviceActivityMonitor;
			productName = DeviceActivityMonitor;
			productReference = A9BFCEDA2B64396A00F55EE3 /* DeviceActivityMonitor.appex */;
			productType = "com.apple.product-type.app-extension";
		};
/* End PBXNativeTarget section */

/* Begin PBXProject section */
		A9A821F32AF355FE002E0F61 /* Project object */ = {
			isa = PBXProject;
			attributes = {
				BuildIndependentTargetsInParallel = 1;
				LastSwiftUpdateCheck = 1510;
				LastUpgradeCheck = 1510;
				TargetAttributes = {
					A9A821FA2AF355FE002E0F61 = {
						CreatedOnToolsVersion = 14.3.1;
					};
					A9A8220A2AF355FF002E0F61 = {
						CreatedOnToolsVersion = 14.3.1;
						TestTargetID = A9A821FA2AF355FE002E0F61;
					};
					A9A822142AF355FF002E0F61 = {
						CreatedOnToolsVersion = 14.3.1;
						TestTargetID = A9A821FA2AF355FE002E0F61;
					};
					A9BFCED92B64396A00F55EE3 = {
						CreatedOnToolsVersion = 15.1;
					};
				};
			};
			buildConfigurationList = A9A821F62AF355FE002E0F61 /* Build configuration list for PBXProject "Foca2" */;
			compatibilityVersion = "Xcode 14.0";
			developmentRegion = en;
			hasScannedForEncodings = 0;
			knownRegions = (
				en,
				Base,
			);
			mainGroup = A9A821F22AF355FE002E0F61;
			packageReferences = (
			);
			productRefGroup = A9A821FC2AF355FE002E0F61 /* Products */;
			projectDirPath = "";
			projectRoot = "";
			targets = (
				A9A821FA2AF355FE002E0F61 /* Foca2 */,
				A9A8220A2AF355FF002E0F61 /* Foca2Tests */,
				A9A822142AF355FF002E0F61 /* Foca2UITests */,
				A9BFCED92B64396A00F55EE3 /* DeviceActivityMonitor */,
			);
		};
/* End PBXProject section */

/* Begin PBXResourcesBuildPhase section */
		A9A821F92AF355FE002E0F61 /* Resources */ = {
			isa = PBXResourcesBuildPhase;
			buildActionMask = 2147483647;
			files = (
				A9A822062AF355FF002E0F61 /* Preview Assets.xcassets in Resources */,
				A9A822032AF355FF002E0F61 /* Assets.xcassets in Resources */,
			);
			runOnlyForDeploymentPostprocessing = 0;
		};
		A9A822092AF355FF002E0F61 /* Resources */ = {
			isa = PBXResourcesBuildPhase;
			buildActionMask = 2147483647;
			files = (
			);
			runOnlyForDeploymentPostprocessing = 0;
		};
		A9A822132AF355FF002E0F61 /* Resources */ = {
			isa = PBXResourcesBuildPhase;
			buildActionMask = 2147483647;
			files = (
			);
			runOnlyForDeploymentPostprocessing = 0;
		};
		A9BFCED82B64396A00F55EE3 /* Resources */ = {
			isa = PBXResourcesBuildPhase;
			buildActionMask = 2147483647;
			files = (
			);
			runOnlyForDeploymentPostprocessing = 0;
		};
/* End PBXResourcesBuildPhase section */

/* Begin PBXSourcesBuildPhase section */
		A9A821F72AF355FE002E0F61 /* Sources */ = {
			isa = PBXSourcesBuildPhase;
			buildActionMask = 2147483647;
			files = (
				A9BFCEBA2B59BC3000F55EE3 /* NotesEditor.swift in Sources */,
				A9BFCEC32B608FFF00F55EE3 /* ScreenTimeView.swift in Sources */,
				A92F83282B54572300AFFFBD /* ChooseDateView.swift in Sources */,
				A9BFCEC12B608F4100F55EE3 /* PickADateButton.swift in Sources */,
				A90CD7922B489FB4008036D4 /* CalendarViewController.swift in Sources */,
				A9A822012AF355FE002E0F61 /* ContentView.swift in Sources */,
				A9BFCEC72B61603F00F55EE3 /* TimeSelectionCircle.swift in Sources */,
				A9BFCED52B6415C100F55EE3 /* TaskItem+CoreDataProperties.swift in Sources */,
				A9A8222C2AF358E2002E0F61 /* DataController.swift in Sources */,
				A9598AB92B1E445A00C14541 /* TaskRow.swift in Sources */,
				A9C651F62B17ACF6000B3D2A /* TaskTile.swift in Sources */,
				A90CD7942B489FC5008036D4 /* EKWrapper.swift in Sources */,
				A9BFCECE2B62F40D00F55EE3 /* SomeSettingsView.swift in Sources */,
				A9BFCECB2B6201EB00F55EE3 /* TimeSelectorView.swift in Sources */,
				A92F831C2B4EE61F00AFFFBD /* TaskEditor.swift in Sources */,
				A92F83262B521A8700AFFFBD /* DueDateSelection.swift in Sources */,
				A9FA71292AF4A31800B5E1EC /* Schedule.swift in Sources */,
				A9A8222A2AF356E9002E0F61 /* Foca2.xcdatamodeld in Sources */,
				A97798722B4E06CD00ACA144 /* CalendarView.swift in Sources */,
				A9A821FF2AF355FE002E0F61 /* Foca2App.swift in Sources */,
				A9C651FE2B19A308000B3D2A /* TaskModel.swift in Sources */,
				A97798702B4E05F800ACA144 /* CalendarNavigationController.swift in Sources */,
				A9BFCEB32B58747E00F55EE3 /* ReminderDateSelection.swift in Sources */,
				A9FA712D2AF4B38B00B5E1EC /* DateModel.swift in Sources */,
				A9C651F22B17AADA000B3D2A /* Random.swift in Sources */,
				A9FA712B2AF4A3AC00B5E1EC /* DateSelector.swift in Sources */,
				A9BFCEBF2B608C5000F55EE3 /* SheetHeader.swift in Sources */,
				A9BFCEBC2B5F0EE600F55EE3 /* TabBar.swift in Sources */,
				A9BFCED12B6324BF00F55EE3 /* SessionModel.swift in Sources */,
				A9BFCEC92B61604E00F55EE3 /* TimerCircle.swift in Sources */,
				A9BFCED42B6415C100F55EE3 /* TaskItem+CoreDataClass.swift in Sources */,
			);
			runOnlyForDeploymentPostprocessing = 0;
		};
		A9A822072AF355FF002E0F61 /* Sources */ = {
			isa = PBXSourcesBuildPhase;
			buildActionMask = 2147483647;
			files = (
				A9A822102AF355FF002E0F61 /* Foca2Tests.swift in Sources */,
			);
			runOnlyForDeploymentPostprocessing = 0;
		};
		A9A822112AF355FF002E0F61 /* Sources */ = {
			isa = PBXSourcesBuildPhase;
			buildActionMask = 2147483647;
			files = (
				A9A8221C2AF355FF002E0F61 /* Foca2UITestsLaunchTests.swift in Sources */,
				A9A8221A2AF355FF002E0F61 /* Foca2UITests.swift in Sources */,
			);
			runOnlyForDeploymentPostprocessing = 0;
		};
		A9BFCED62B64396A00F55EE3 /* Sources */ = {
			isa = PBXSourcesBuildPhase;
			buildActionMask = 2147483647;
			files = (
				A9BFCEDF2B64396A00F55EE3 /* DeviceActivityMonitorExtension.swift in Sources */,
				A9BFCEEC2B64841B00F55EE3 /* SessionModel.swift in Sources */,
				A9BFCEED2B6484C200F55EE3 /* Random.swift in Sources */,
			);
			runOnlyForDeploymentPostprocessing = 0;
		};
/* End PBXSourcesBuildPhase section */

/* Begin PBXTargetDependency section */
		A9A8220D2AF355FF002E0F61 /* PBXTargetDependency */ = {
			isa = PBXTargetDependency;
			target = A9A821FA2AF355FE002E0F61 /* Foca2 */;
			targetProxy = A9A8220C2AF355FF002E0F61 /* PBXContainerItemProxy */;
		};
		A9A822172AF355FF002E0F61 /* PBXTargetDependency */ = {
			isa = PBXTargetDependency;
			target = A9A821FA2AF355FE002E0F61 /* Foca2 */;
			targetProxy = A9A822162AF355FF002E0F61 /* PBXContainerItemProxy */;
		};
		A9BFCEE32B64396A00F55EE3 /* PBXTargetDependency */ = {
			isa = PBXTargetDependency;
			target = A9BFCED92B64396A00F55EE3 /* DeviceActivityMonitor */;
			targetProxy = A9BFCEE22B64396A00F55EE3 /* PBXContainerItemProxy */;
		};
/* End PBXTargetDependency section */

/* Begin XCBuildConfiguration section */
		A9A8221D2AF355FF002E0F61 /* Debug */ = {
			isa = XCBuildConfiguration;
			buildSettings = {
				ALWAYS_SEARCH_USER_PATHS = NO;
				CLANG_ANALYZER_NONNULL = YES;
				CLANG_ANALYZER_NUMBER_OBJECT_CONVERSION = YES_AGGRESSIVE;
				CLANG_CXX_LANGUAGE_STANDARD = "gnu++20";
				CLANG_ENABLE_MODULES = YES;
				CLANG_ENABLE_OBJC_ARC = YES;
				CLANG_ENABLE_OBJC_WEAK = YES;
				CLANG_WARN_BLOCK_CAPTURE_AUTORELEASING = YES;
				CLANG_WARN_BOOL_CONVERSION = YES;
				CLANG_WARN_COMMA = YES;
				CLANG_WARN_CONSTANT_CONVERSION = YES;
				CLANG_WARN_DEPRECATED_OBJC_IMPLEMENTATIONS = YES;
				CLANG_WARN_DIRECT_OBJC_ISA_USAGE = YES_ERROR;
				CLANG_WARN_DOCUMENTATION_COMMENTS = YES;
				CLANG_WARN_EMPTY_BODY = YES;
				CLANG_WARN_ENUM_CONVERSION = YES;
				CLANG_WARN_INFINITE_RECURSION = YES;
				CLANG_WARN_INT_CONVERSION = YES;
				CLANG_WARN_NON_LITERAL_NULL_CONVERSION = YES;
				CLANG_WARN_OBJC_IMPLICIT_RETAIN_SELF = YES;
				CLANG_WARN_OBJC_LITERAL_CONVERSION = YES;
				CLANG_WARN_OBJC_ROOT_CLASS = YES_ERROR;
				CLANG_WARN_QUOTED_INCLUDE_IN_FRAMEWORK_HEADER = YES;
				CLANG_WARN_RANGE_LOOP_ANALYSIS = YES;
				CLANG_WARN_STRICT_PROTOTYPES = YES;
				CLANG_WARN_SUSPICIOUS_MOVE = YES;
				CLANG_WARN_UNGUARDED_AVAILABILITY = YES_AGGRESSIVE;
				CLANG_WARN_UNREACHABLE_CODE = YES;
				CLANG_WARN__DUPLICATE_METHOD_MATCH = YES;
				COPY_PHASE_STRIP = NO;
				DEBUG_INFORMATION_FORMAT = dwarf;
				ENABLE_STRICT_OBJC_MSGSEND = YES;
				ENABLE_TESTABILITY = YES;
				ENABLE_USER_SCRIPT_SANDBOXING = YES;
				GCC_C_LANGUAGE_STANDARD = gnu11;
				GCC_DYNAMIC_NO_PIC = NO;
				GCC_NO_COMMON_BLOCKS = YES;
				GCC_OPTIMIZATION_LEVEL = 0;
				GCC_PREPROCESSOR_DEFINITIONS = (
					"DEBUG=1",
					"$(inherited)",
				);
				GCC_WARN_64_TO_32_BIT_CONVERSION = YES;
				GCC_WARN_ABOUT_RETURN_TYPE = YES_ERROR;
				GCC_WARN_UNDECLARED_SELECTOR = YES;
				GCC_WARN_UNINITIALIZED_AUTOS = YES_AGGRESSIVE;
				GCC_WARN_UNUSED_FUNCTION = YES;
				GCC_WARN_UNUSED_VARIABLE = YES;
				IPHONEOS_DEPLOYMENT_TARGET = 16.4;
				MTL_ENABLE_DEBUG_INFO = INCLUDE_SOURCE;
				MTL_FAST_MATH = YES;
				ONLY_ACTIVE_ARCH = YES;
				SDKROOT = iphoneos;
				SWIFT_ACTIVE_COMPILATION_CONDITIONS = DEBUG;
				SWIFT_OPTIMIZATION_LEVEL = "-Onone";
			};
			name = Debug;
		};
		A9A8221E2AF355FF002E0F61 /* Release */ = {
			isa = XCBuildConfiguration;
			buildSettings = {
				ALWAYS_SEARCH_USER_PATHS = NO;
				CLANG_ANALYZER_NONNULL = YES;
				CLANG_ANALYZER_NUMBER_OBJECT_CONVERSION = YES_AGGRESSIVE;
				CLANG_CXX_LANGUAGE_STANDARD = "gnu++20";
				CLANG_ENABLE_MODULES = YES;
				CLANG_ENABLE_OBJC_ARC = YES;
				CLANG_ENABLE_OBJC_WEAK = YES;
				CLANG_WARN_BLOCK_CAPTURE_AUTORELEASING = YES;
				CLANG_WARN_BOOL_CONVERSION = YES;
				CLANG_WARN_COMMA = YES;
				CLANG_WARN_CONSTANT_CONVERSION = YES;
				CLANG_WARN_DEPRECATED_OBJC_IMPLEMENTATIONS = YES;
				CLANG_WARN_DIRECT_OBJC_ISA_USAGE = YES_ERROR;
				CLANG_WARN_DOCUMENTATION_COMMENTS = YES;
				CLANG_WARN_EMPTY_BODY = YES;
				CLANG_WARN_ENUM_CONVERSION = YES;
				CLANG_WARN_INFINITE_RECURSION = YES;
				CLANG_WARN_INT_CONVERSION = YES;
				CLANG_WARN_NON_LITERAL_NULL_CONVERSION = YES;
				CLANG_WARN_OBJC_IMPLICIT_RETAIN_SELF = YES;
				CLANG_WARN_OBJC_LITERAL_CONVERSION = YES;
				CLANG_WARN_OBJC_ROOT_CLASS = YES_ERROR;
				CLANG_WARN_QUOTED_INCLUDE_IN_FRAMEWORK_HEADER = YES;
				CLANG_WARN_RANGE_LOOP_ANALYSIS = YES;
				CLANG_WARN_STRICT_PROTOTYPES = YES;
				CLANG_WARN_SUSPICIOUS_MOVE = YES;
				CLANG_WARN_UNGUARDED_AVAILABILITY = YES_AGGRESSIVE;
				CLANG_WARN_UNREACHABLE_CODE = YES;
				CLANG_WARN__DUPLICATE_METHOD_MATCH = YES;
				COPY_PHASE_STRIP = NO;
				DEBUG_INFORMATION_FORMAT = "dwarf-with-dsym";
				ENABLE_NS_ASSERTIONS = NO;
				ENABLE_STRICT_OBJC_MSGSEND = YES;
				ENABLE_USER_SCRIPT_SANDBOXING = YES;
				GCC_C_LANGUAGE_STANDARD = gnu11;
				GCC_NO_COMMON_BLOCKS = YES;
				GCC_WARN_64_TO_32_BIT_CONVERSION = YES;
				GCC_WARN_ABOUT_RETURN_TYPE = YES_ERROR;
				GCC_WARN_UNDECLARED_SELECTOR = YES;
				GCC_WARN_UNINITIALIZED_AUTOS = YES_AGGRESSIVE;
				GCC_WARN_UNUSED_FUNCTION = YES;
				GCC_WARN_UNUSED_VARIABLE = YES;
				IPHONEOS_DEPLOYMENT_TARGET = 16.4;
				MTL_ENABLE_DEBUG_INFO = NO;
				MTL_FAST_MATH = YES;
				SDKROOT = iphoneos;
				SWIFT_COMPILATION_MODE = wholemodule;
				SWIFT_OPTIMIZATION_LEVEL = "-O";
				VALIDATE_PRODUCT = YES;
			};
			name = Release;
		};
		A9A822202AF355FF002E0F61 /* Debug */ = {
			isa = XCBuildConfiguration;
			buildSettings = {
				ALWAYS_EMBED_SWIFT_STANDARD_LIBRARIES = YES;
				ASSETCATALOG_COMPILER_APPICON_NAME = AppIcon;
				ASSETCATALOG_COMPILER_GLOBAL_ACCENT_COLOR_NAME = AccentColor;
				CODE_SIGN_ENTITLEMENTS = Foca2/Foca2.entitlements;
				CODE_SIGN_STYLE = Automatic;
				CURRENT_PROJECT_VERSION = 1;
				DEVELOPMENT_ASSET_PATHS = "\"Foca2/Preview Content\"";
				DEVELOPMENT_TEAM = 2L6XN9RA4T;
				ENABLE_PREVIEWS = YES;
				GENERATE_INFOPLIST_FILE = YES;
				INFOPLIST_FILE = Foca2/Info.plist;
				INFOPLIST_KEY_UIApplicationSceneManifest_Generation = YES;
				INFOPLIST_KEY_UIApplicationSupportsIndirectInputEvents = YES;
				INFOPLIST_KEY_UILaunchScreen_Generation = YES;
				INFOPLIST_KEY_UISupportedInterfaceOrientations_iPad = "UIInterfaceOrientationPortrait UIInterfaceOrientationPortraitUpsideDown UIInterfaceOrientationLandscapeLeft UIInterfaceOrientationLandscapeRight";
				INFOPLIST_KEY_UISupportedInterfaceOrientations_iPhone = "UIInterfaceOrientationPortrait UIInterfaceOrientationLandscapeLeft UIInterfaceOrientationLandscapeRight";
				IPHONEOS_DEPLOYMENT_TARGET = 17.0;
				LD_RUNPATH_SEARCH_PATHS = (
					"$(inherited)",
					"@executable_path/Frameworks",
				);
				MARKETING_VERSION = 1.0;
				PRODUCT_BUNDLE_IDENTIFIER = app.Foca2;
				PRODUCT_NAME = "$(TARGET_NAME)";
				SWIFT_EMIT_LOC_STRINGS = YES;
				SWIFT_VERSION = 5.0;
				TARGETED_DEVICE_FAMILY = "1,2";
			};
			name = Debug;
		};
		A9A822212AF355FF002E0F61 /* Release */ = {
			isa = XCBuildConfiguration;
			buildSettings = {
				ALWAYS_EMBED_SWIFT_STANDARD_LIBRARIES = YES;
				ASSETCATALOG_COMPILER_APPICON_NAME = AppIcon;
				ASSETCATALOG_COMPILER_GLOBAL_ACCENT_COLOR_NAME = AccentColor;
				CODE_SIGN_ENTITLEMENTS = Foca2/Foca2.entitlements;
				CODE_SIGN_STYLE = Automatic;
				CURRENT_PROJECT_VERSION = 1;
				DEVELOPMENT_ASSET_PATHS = "\"Foca2/Preview Content\"";
				DEVELOPMENT_TEAM = 2L6XN9RA4T;
				ENABLE_PREVIEWS = YES;
				GENERATE_INFOPLIST_FILE = YES;
				INFOPLIST_FILE = Foca2/Info.plist;
				INFOPLIST_KEY_UIApplicationSceneManifest_Generation = YES;
				INFOPLIST_KEY_UIApplicationSupportsIndirectInputEvents = YES;
				INFOPLIST_KEY_UILaunchScreen_Generation = YES;
				INFOPLIST_KEY_UISupportedInterfaceOrientations_iPad = "UIInterfaceOrientationPortrait UIInterfaceOrientationPortraitUpsideDown UIInterfaceOrientationLandscapeLeft UIInterfaceOrientationLandscapeRight";
				INFOPLIST_KEY_UISupportedInterfaceOrientations_iPhone = "UIInterfaceOrientationPortrait UIInterfaceOrientationLandscapeLeft UIInterfaceOrientationLandscapeRight";
				IPHONEOS_DEPLOYMENT_TARGET = 17.0;
				LD_RUNPATH_SEARCH_PATHS = (
					"$(inherited)",
					"@executable_path/Frameworks",
				);
				MARKETING_VERSION = 1.0;
				PRODUCT_BUNDLE_IDENTIFIER = app.Foca2;
				PRODUCT_NAME = "$(TARGET_NAME)";
				SWIFT_EMIT_LOC_STRINGS = YES;
				SWIFT_VERSION = 5.0;
				TARGETED_DEVICE_FAMILY = "1,2";
			};
			name = Release;
		};
		A9A822232AF355FF002E0F61 /* Debug */ = {
			isa = XCBuildConfiguration;
			buildSettings = {
				ALWAYS_EMBED_SWIFT_STANDARD_LIBRARIES = YES;
				BUNDLE_LOADER = "$(TEST_HOST)";
				CODE_SIGN_STYLE = Automatic;
				CURRENT_PROJECT_VERSION = 1;
				DEVELOPMENT_TEAM = 2L6XN9RA4T;
				GENERATE_INFOPLIST_FILE = YES;
				IPHONEOS_DEPLOYMENT_TARGET = 16.4;
				MARKETING_VERSION = 1.0;
				PRODUCT_BUNDLE_IDENTIFIER = app.Foca2Tests;
				PRODUCT_NAME = "$(TARGET_NAME)";
				SWIFT_EMIT_LOC_STRINGS = NO;
				SWIFT_VERSION = 5.0;
				TARGETED_DEVICE_FAMILY = "1,2";
				TEST_HOST = "$(BUILT_PRODUCTS_DIR)/Foca2.app/$(BUNDLE_EXECUTABLE_FOLDER_PATH)/Foca2";
			};
			name = Debug;
		};
		A9A822242AF355FF002E0F61 /* Release */ = {
			isa = XCBuildConfiguration;
			buildSettings = {
				ALWAYS_EMBED_SWIFT_STANDARD_LIBRARIES = YES;
				BUNDLE_LOADER = "$(TEST_HOST)";
				CODE_SIGN_STYLE = Automatic;
				CURRENT_PROJECT_VERSION = 1;
				DEVELOPMENT_TEAM = 2L6XN9RA4T;
				GENERATE_INFOPLIST_FILE = YES;
				IPHONEOS_DEPLOYMENT_TARGET = 16.4;
				MARKETING_VERSION = 1.0;
				PRODUCT_BUNDLE_IDENTIFIER = app.Foca2Tests;
				PRODUCT_NAME = "$(TARGET_NAME)";
				SWIFT_EMIT_LOC_STRINGS = NO;
				SWIFT_VERSION = 5.0;
				TARGETED_DEVICE_FAMILY = "1,2";
				TEST_HOST = "$(BUILT_PRODUCTS_DIR)/Foca2.app/$(BUNDLE_EXECUTABLE_FOLDER_PATH)/Foca2";
			};
			name = Release;
		};
		A9A822262AF355FF002E0F61 /* Debug */ = {
			isa = XCBuildConfiguration;
			buildSettings = {
				ALWAYS_EMBED_SWIFT_STANDARD_LIBRARIES = YES;
				CODE_SIGN_STYLE = Automatic;
				CURRENT_PROJECT_VERSION = 1;
				DEVELOPMENT_TEAM = 2L6XN9RA4T;
				GENERATE_INFOPLIST_FILE = YES;
				MARKETING_VERSION = 1.0;
				PRODUCT_BUNDLE_IDENTIFIER = app.Foca2UITests;
				PRODUCT_NAME = "$(TARGET_NAME)";
				SWIFT_EMIT_LOC_STRINGS = NO;
				SWIFT_VERSION = 5.0;
				TARGETED_DEVICE_FAMILY = "1,2";
				TEST_TARGET_NAME = Foca2;
			};
			name = Debug;
		};
		A9A822272AF355FF002E0F61 /* Release */ = {
			isa = XCBuildConfiguration;
			buildSettings = {
				ALWAYS_EMBED_SWIFT_STANDARD_LIBRARIES = YES;
				CODE_SIGN_STYLE = Automatic;
				CURRENT_PROJECT_VERSION = 1;
				DEVELOPMENT_TEAM = 2L6XN9RA4T;
				GENERATE_INFOPLIST_FILE = YES;
				MARKETING_VERSION = 1.0;
				PRODUCT_BUNDLE_IDENTIFIER = app.Foca2UITests;
				PRODUCT_NAME = "$(TARGET_NAME)";
				SWIFT_EMIT_LOC_STRINGS = NO;
				SWIFT_VERSION = 5.0;
				TARGETED_DEVICE_FAMILY = "1,2";
				TEST_TARGET_NAME = Foca2;
			};
			name = Release;
		};
		A9BFCEE62B64396A00F55EE3 /* Debug */ = {
			isa = XCBuildConfiguration;
			buildSettings = {
				ASSETCATALOG_COMPILER_GENERATE_SWIFT_ASSET_SYMBOL_EXTENSIONS = YES;
				CODE_SIGN_ENTITLEMENTS = DeviceActivityMonitor/DeviceActivityMonitor.entitlements;
				CODE_SIGN_STYLE = Automatic;
				CURRENT_PROJECT_VERSION = 1;
				DEVELOPMENT_TEAM = 2L6XN9RA4T;
				GCC_C_LANGUAGE_STANDARD = gnu17;
				GENERATE_INFOPLIST_FILE = YES;
				INFOPLIST_FILE = DeviceActivityMonitor/Info.plist;
				INFOPLIST_KEY_CFBundleDisplayName = DeviceActivityMonitor;
				INFOPLIST_KEY_NSHumanReadableCopyright = "";
				IPHONEOS_DEPLOYMENT_TARGET = 17.2;
				LD_RUNPATH_SEARCH_PATHS = (
					"$(inherited)",
					"@executable_path/Frameworks",
					"@executable_path/../../Frameworks",
				);
				LOCALIZATION_PREFERS_STRING_CATALOGS = YES;
				MARKETING_VERSION = 1.0;
				PRODUCT_BUNDLE_IDENTIFIER = app.Foca2.DeviceActivityMonitor;
				PRODUCT_NAME = "$(TARGET_NAME)";
				SKIP_INSTALL = YES;
				SWIFT_ACTIVE_COMPILATION_CONDITIONS = "DEBUG $(inherited)";
				SWIFT_EMIT_LOC_STRINGS = YES;
				SWIFT_VERSION = 5.0;
				TARGETED_DEVICE_FAMILY = "1,2";
			};
			name = Debug;
		};
		A9BFCEE72B64396A00F55EE3 /* Release */ = {
			isa = XCBuildConfiguration;
			buildSettings = {
				ASSETCATALOG_COMPILER_GENERATE_SWIFT_ASSET_SYMBOL_EXTENSIONS = YES;
				CODE_SIGN_ENTITLEMENTS = DeviceActivityMonitor/DeviceActivityMonitor.entitlements;
				CODE_SIGN_STYLE = Automatic;
				CURRENT_PROJECT_VERSION = 1;
				DEVELOPMENT_TEAM = 2L6XN9RA4T;
				GCC_C_LANGUAGE_STANDARD = gnu17;
				GENERATE_INFOPLIST_FILE = YES;
				INFOPLIST_FILE = DeviceActivityMonitor/Info.plist;
				INFOPLIST_KEY_CFBundleDisplayName = DeviceActivityMonitor;
				INFOPLIST_KEY_NSHumanReadableCopyright = "";
				IPHONEOS_DEPLOYMENT_TARGET = 17.2;
				LD_RUNPATH_SEARCH_PATHS = (
					"$(inherited)",
					"@executable_path/Frameworks",
					"@executable_path/../../Frameworks",
				);
				LOCALIZATION_PREFERS_STRING_CATALOGS = YES;
				MARKETING_VERSION = 1.0;
				PRODUCT_BUNDLE_IDENTIFIER = app.Foca2.DeviceActivityMonitor;
				PRODUCT_NAME = "$(TARGET_NAME)";
				SKIP_INSTALL = YES;
				SWIFT_EMIT_LOC_STRINGS = YES;
				SWIFT_VERSION = 5.0;
				TARGETED_DEVICE_FAMILY = "1,2";
			};
			name = Release;
		};
/* End XCBuildConfiguration section */

/* Begin XCConfigurationList section */
		A9A821F62AF355FE002E0F61 /* Build configuration list for PBXProject "Foca2" */ = {
			isa = XCConfigurationList;
			buildConfigurations = (
				A9A8221D2AF355FF002E0F61 /* Debug */,
				A9A8221E2AF355FF002E0F61 /* Release */,
			);
			defaultConfigurationIsVisible = 0;
			defaultConfigurationName = Release;
		};
		A9A8221F2AF355FF002E0F61 /* Build configuration list for PBXNativeTarget "Foca2" */ = {
			isa = XCConfigurationList;
			buildConfigurations = (
				A9A822202AF355FF002E0F61 /* Debug */,
				A9A822212AF355FF002E0F61 /* Release */,
			);
			defaultConfigurationIsVisible = 0;
			defaultConfigurationName = Release;
		};
		A9A822222AF355FF002E0F61 /* Build configuration list for PBXNativeTarget "Foca2Tests" */ = {
			isa = XCConfigurationList;
			buildConfigurations = (
				A9A822232AF355FF002E0F61 /* Debug */,
				A9A822242AF355FF002E0F61 /* Release */,
			);
			defaultConfigurationIsVisible = 0;
			defaultConfigurationName = Release;
		};
		A9A822252AF355FF002E0F61 /* Build configuration list for PBXNativeTarget "Foca2UITests" */ = {
			isa = XCConfigurationList;
			buildConfigurations = (
				A9A822262AF355FF002E0F61 /* Debug */,
				A9A822272AF355FF002E0F61 /* Release */,
			);
			defaultConfigurationIsVisible = 0;
			defaultConfigurationName = Release;
		};
		A9BFCEE52B64396A00F55EE3 /* Build configuration list for PBXNativeTarget "DeviceActivityMonitor" */ = {
			isa = XCConfigurationList;
			buildConfigurations = (
				A9BFCEE62B64396A00F55EE3 /* Debug */,
				A9BFCEE72B64396A00F55EE3 /* Release */,
			);
			defaultConfigurationIsVisible = 0;
			defaultConfigurationName = Release;
		};
/* End XCConfigurationList section */

/* Begin XCSwiftPackageProductDependency section */
		A90CD79F2B4A651F008036D4 /* CalendarKit */ = {
			isa = XCSwiftPackageProductDependency;
			productName = CalendarKit;
		};
/* End XCSwiftPackageProductDependency section */

/* Begin XCVersionGroup section */
		A9A822282AF356E9002E0F61 /* Foca2.xcdatamodeld */ = {
			isa = XCVersionGroup;
			children = (
				A9A822292AF356E9002E0F61 /* Foca2.xcdatamodel */,
			);
			currentVersion = A9A822292AF356E9002E0F61 /* Foca2.xcdatamodel */;
			path = Foca2.xcdatamodeld;
			sourceTree = "<group>";
			versionGroupType = wrapper.xcdatamodel;
		};
/* End XCVersionGroup section */
	};
	rootObject = A9A821F32AF355FE002E0F61 /* Project object */;
}
