// !$*UTF8*$!
{
	archiveVersion = 1;
	classes = {
	};
	objectVersion = 56;
	objects = {

/* Begin PBXBuildFile section */
		A90CD7922B489FB4008036D4 /* CalendarViewController.swift in Sources */ = {isa = PBXBuildFile; fileRef = A90CD7912B489FB4008036D4 /* CalendarViewController.swift */; };
		A90CD7A02B4A651F008036D4 /* CalendarKit in Frameworks */ = {isa = PBXBuildFile; productRef = A90CD79F2B4A651F008036D4 /* CalendarKit */; };
		A92F831C2B4EE61F00AFFFBD /* TaskEditor.swift in Sources */ = {isa = PBXBuildFile; fileRef = A92F831B2B4EE61F00AFFFBD /* TaskEditor.swift */; };
		A92F83262B521A8700AFFFBD /* DueDateSelection.swift in Sources */ = {isa = PBXBuildFile; fileRef = A92F83252B521A8700AFFFBD /* DueDateSelection.swift */; };
		A92F83282B54572300AFFFBD /* ChooseDateView.swift in Sources */ = {isa = PBXBuildFile; fileRef = A92F83272B54572300AFFFBD /* ChooseDateView.swift */; };
		A9598AB92B1E445A00C14541 /* TaskRow.swift in Sources */ = {isa = PBXBuildFile; fileRef = A9598AB82B1E445A00C14541 /* TaskRow.swift */; };
		A959B0C92BA757840049ADEF /* ManagedSettings.framework in Frameworks */ = {isa = PBXBuildFile; fileRef = A9F5B17D2B7DE65300CD4F69 /* ManagedSettings.framework */; };
		A959B0CC2BA757840049ADEF /* ShieldActionExtension.swift in Sources */ = {isa = PBXBuildFile; fileRef = A959B0CB2BA757840049ADEF /* ShieldActionExtension.swift */; };
		A959B0D12BA757840049ADEF /* ShieldAction.appex in Embed Foundation Extensions */ = {isa = PBXBuildFile; fileRef = A959B0C82BA757830049ADEF /* ShieldAction.appex */; settings = {ATTRIBUTES = (RemoveHeadersOnCopy, ); }; };
		A959B0D62BA795990049ADEF /* Random.swift in Sources */ = {isa = PBXBuildFile; fileRef = A9C651F12B17AADA000B3D2A /* Random.swift */; };
		A962ECF42B953E37008B9F97 /* TaskItem+CoreDataProperties.swift in Sources */ = {isa = PBXBuildFile; fileRef = A962ECF32B953E37008B9F97 /* TaskItem+CoreDataProperties.swift */; };
		A962ECF52B955B10008B9F97 /* TaskItem+CoreDataProperties.swift in Sources */ = {isa = PBXBuildFile; fileRef = A962ECF32B953E37008B9F97 /* TaskItem+CoreDataProperties.swift */; };
		A97798702B4E05F800ACA144 /* CalendarNavigationController.swift in Sources */ = {isa = PBXBuildFile; fileRef = A977986F2B4E05F800ACA144 /* CalendarNavigationController.swift */; };
		A97798722B4E06CD00ACA144 /* CalendarView.swift in Sources */ = {isa = PBXBuildFile; fileRef = A97798712B4E06CD00ACA144 /* CalendarView.swift */; };
		A991C6432BCA0E490043E37E /* Tasks.swift in Sources */ = {isa = PBXBuildFile; fileRef = A991C6422BCA0E490043E37E /* Tasks.swift */; };
		A991C6452BCA0FC90043E37E /* TaskIntro.swift in Sources */ = {isa = PBXBuildFile; fileRef = A991C6442BCA0FC90043E37E /* TaskIntro.swift */; };
		A991C6472BCA14980043E37E /* AllSet.swift in Sources */ = {isa = PBXBuildFile; fileRef = A991C6462BCA14980043E37E /* AllSet.swift */; };
		A9A821FF2AF355FE002E0F61 /* Foca2App.swift in Sources */ = {isa = PBXBuildFile; fileRef = A9A821FE2AF355FE002E0F61 /* Foca2App.swift */; };
		A9A822012AF355FE002E0F61 /* ContentView.swift in Sources */ = {isa = PBXBuildFile; fileRef = A9A822002AF355FE002E0F61 /* ContentView.swift */; };
		A9A822032AF355FF002E0F61 /* Assets.xcassets in Resources */ = {isa = PBXBuildFile; fileRef = A9A822022AF355FF002E0F61 /* Assets.xcassets */; };
		A9A822062AF355FF002E0F61 /* Preview Assets.xcassets in Resources */ = {isa = PBXBuildFile; fileRef = A9A822052AF355FF002E0F61 /* Preview Assets.xcassets */; };
		A9A8222A2AF356E9002E0F61 /* Foca2.xcdatamodeld in Sources */ = {isa = PBXBuildFile; fileRef = A9A822282AF356E9002E0F61 /* Foca2.xcdatamodeld */; };
		A9A8222C2AF358E2002E0F61 /* DataController.swift in Sources */ = {isa = PBXBuildFile; fileRef = A9A8222B2AF358E2002E0F61 /* DataController.swift */; };
		A9ACBA1B2BBCA4CD00526429 /* Welcome.swift in Sources */ = {isa = PBXBuildFile; fileRef = A9ACBA1A2BBCA4CD00526429 /* Welcome.swift */; };
		A9ACBA1D2BBCCC0B00526429 /* Permissions.swift in Sources */ = {isa = PBXBuildFile; fileRef = A9ACBA1C2BBCCC0B00526429 /* Permissions.swift */; };
		A9BFCEB32B58747E00F55EE3 /* ReminderDateSelection.swift in Sources */ = {isa = PBXBuildFile; fileRef = A9BFCEB22B58747E00F55EE3 /* ReminderDateSelection.swift */; };
		A9BFCEBA2B59BC3000F55EE3 /* NotesEditor.swift in Sources */ = {isa = PBXBuildFile; fileRef = A9BFCEB92B59BC3000F55EE3 /* NotesEditor.swift */; };
		A9BFCEBC2B5F0EE600F55EE3 /* TabBar.swift in Sources */ = {isa = PBXBuildFile; fileRef = A9BFCEBB2B5F0EE600F55EE3 /* TabBar.swift */; };
		A9BFCEBF2B608C5000F55EE3 /* SheetHeader.swift in Sources */ = {isa = PBXBuildFile; fileRef = A9BFCEBE2B608C5000F55EE3 /* SheetHeader.swift */; };
		A9BFCEC12B608F4100F55EE3 /* PickADateButton.swift in Sources */ = {isa = PBXBuildFile; fileRef = A9BFCEC02B608F4100F55EE3 /* PickADateButton.swift */; };
		A9BFCEC32B608FFF00F55EE3 /* ScreenTimeView.swift in Sources */ = {isa = PBXBuildFile; fileRef = A9BFCEC22B608FFF00F55EE3 /* ScreenTimeView.swift */; };
		A9BFCEC72B61603F00F55EE3 /* TimeSelectionCircle.swift in Sources */ = {isa = PBXBuildFile; fileRef = A9BFCEC62B61603F00F55EE3 /* TimeSelectionCircle.swift */; };
		A9BFCEC92B61604E00F55EE3 /* TimerCircle.swift in Sources */ = {isa = PBXBuildFile; fileRef = A9BFCEC82B61604E00F55EE3 /* TimerCircle.swift */; };
		A9BFCECB2B6201EB00F55EE3 /* TimeSelectorView.swift in Sources */ = {isa = PBXBuildFile; fileRef = A9BFCECA2B6201EB00F55EE3 /* TimeSelectorView.swift */; };
		A9BFCECE2B62F40D00F55EE3 /* SomeSettingsView.swift in Sources */ = {isa = PBXBuildFile; fileRef = A9BFCECD2B62F40D00F55EE3 /* SomeSettingsView.swift */; };
		A9BFCED12B6324BF00F55EE3 /* SessionModel.swift in Sources */ = {isa = PBXBuildFile; fileRef = A9BFCED02B6324BF00F55EE3 /* SessionModel.swift */; };
		A9BFCED42B6415C100F55EE3 /* TaskItem+CoreDataClass.swift in Sources */ = {isa = PBXBuildFile; fileRef = A9BFCED22B6415C100F55EE3 /* TaskItem+CoreDataClass.swift */; };
		A9BFCEDC2B64396A00F55EE3 /* DeviceActivity.framework in Frameworks */ = {isa = PBXBuildFile; fileRef = A9BFCEDB2B64396A00F55EE3 /* DeviceActivity.framework */; };
		A9BFCEDF2B64396A00F55EE3 /* DeviceActivityMonitorExtension.swift in Sources */ = {isa = PBXBuildFile; fileRef = A9BFCEDE2B64396A00F55EE3 /* DeviceActivityMonitorExtension.swift */; };
		A9BFCEE42B64396A00F55EE3 /* DeviceActivityMonitor.appex in Embed Foundation Extensions */ = {isa = PBXBuildFile; fileRef = A9BFCEDA2B64396A00F55EE3 /* DeviceActivityMonitor.appex */; settings = {ATTRIBUTES = (RemoveHeadersOnCopy, ); }; };
		A9BFCEEC2B64841B00F55EE3 /* SessionModel.swift in Sources */ = {isa = PBXBuildFile; fileRef = A9BFCED02B6324BF00F55EE3 /* SessionModel.swift */; };
		A9BFCEED2B6484C200F55EE3 /* Random.swift in Sources */ = {isa = PBXBuildFile; fileRef = A9C651F12B17AADA000B3D2A /* Random.swift */; };
		A9C651F22B17AADA000B3D2A /* Random.swift in Sources */ = {isa = PBXBuildFile; fileRef = A9C651F12B17AADA000B3D2A /* Random.swift */; };
		A9C651F62B17ACF6000B3D2A /* TaskTile.swift in Sources */ = {isa = PBXBuildFile; fileRef = A9C651F52B17ACF6000B3D2A /* TaskTile.swift */; };
		A9C651FE2B19A308000B3D2A /* TaskModel.swift in Sources */ = {isa = PBXBuildFile; fileRef = A9C651FD2B19A308000B3D2A /* TaskModel.swift */; };
		A9C9F7952BBF330B006F718B /* SelectApps.swift in Sources */ = {isa = PBXBuildFile; fileRef = A9C9F7942BBF330B006F718B /* SelectApps.swift */; };
		A9C9F7972BC09F41006F718B /* IntroTutorial.swift in Sources */ = {isa = PBXBuildFile; fileRef = A9C9F7962BC09F41006F718B /* IntroTutorial.swift */; };
		A9C9F7992BC34E22006F718B /* Budget.swift in Sources */ = {isa = PBXBuildFile; fileRef = A9C9F7982BC34E22006F718B /* Budget.swift */; };
		A9C9F79C2BC49E25006F718B /* TaskView.swift in Sources */ = {isa = PBXBuildFile; fileRef = A9C9F79B2BC49E25006F718B /* TaskView.swift */; };
		A9C9F79E2BC5D6C9006F718B /* TaskRowExtraInfo.swift in Sources */ = {isa = PBXBuildFile; fileRef = A9C9F79D2BC5D6C9006F718B /* TaskRowExtraInfo.swift */; };
		A9E127722B864B6300FEEFBC /* EKWrapper.swift in Sources */ = {isa = PBXBuildFile; fileRef = A9E127712B864B6300FEEFBC /* EKWrapper.swift */; };
		A9E127742B88196C00FEEFBC /* DifficultySelect.swift in Sources */ = {isa = PBXBuildFile; fileRef = A9E127732B88196C00FEEFBC /* DifficultySelect.swift */; };
		A9F5B1752B74820B00CD4F69 /* ScheduleSheet.swift in Sources */ = {isa = PBXBuildFile; fileRef = A9F5B1742B74820B00CD4F69 /* ScheduleSheet.swift */; };
		A9F5B1772B7B326200CD4F69 /* StartBreakView.swift in Sources */ = {isa = PBXBuildFile; fileRef = A9F5B1762B7B326200CD4F69 /* StartBreakView.swift */; };
		A9F5B17E2B7DE65300CD4F69 /* ManagedSettings.framework in Frameworks */ = {isa = PBXBuildFile; fileRef = A9F5B17D2B7DE65300CD4F69 /* ManagedSettings.framework */; };
		A9F5B1802B7DE65300CD4F69 /* ManagedSettingsUI.framework in Frameworks */ = {isa = PBXBuildFile; fileRef = A9F5B17F2B7DE65300CD4F69 /* ManagedSettingsUI.framework */; };
		A9F5B1832B7DE65300CD4F69 /* ShieldConfigurationExtension.swift in Sources */ = {isa = PBXBuildFile; fileRef = A9F5B1822B7DE65300CD4F69 /* ShieldConfigurationExtension.swift */; };
		A9F5B1882B7DE65300CD4F69 /* ShieldConfiguration.appex in Embed Foundation Extensions */ = {isa = PBXBuildFile; fileRef = A9F5B17C2B7DE65300CD4F69 /* ShieldConfiguration.appex */; settings = {ATTRIBUTES = (RemoveHeadersOnCopy, ); }; };
		A9F5B18C2B7DE67C00CD4F69 /* Random.swift in Sources */ = {isa = PBXBuildFile; fileRef = A9C651F12B17AADA000B3D2A /* Random.swift */; };
		A9F5B1902B7DE6CA00CD4F69 /* TaskItem+CoreDataClass.swift in Sources */ = {isa = PBXBuildFile; fileRef = A9BFCED22B6415C100F55EE3 /* TaskItem+CoreDataClass.swift */; };
		A9F5B1922B7DF94D00CD4F69 /* Foca2.xcdatamodeld in Sources */ = {isa = PBXBuildFile; fileRef = A9A822282AF356E9002E0F61 /* Foca2.xcdatamodeld */; };
		A9F5B1A62B7F444F00CD4F69 /* Assets.xcassets in Resources */ = {isa = PBXBuildFile; fileRef = A9A822022AF355FF002E0F61 /* Assets.xcassets */; };
		A9F5B1A92B80255E00CD4F69 /* TileImage+CoreDataClass.swift in Sources */ = {isa = PBXBuildFile; fileRef = A9F5B1A72B80255E00CD4F69 /* TileImage+CoreDataClass.swift */; };
		A9F5B1AA2B80255E00CD4F69 /* TileImage+CoreDataProperties.swift in Sources */ = {isa = PBXBuildFile; fileRef = A9F5B1A82B80255E00CD4F69 /* TileImage+CoreDataProperties.swift */; };
		A9F5B1AB2B8296E800CD4F69 /* TileImage+CoreDataClass.swift in Sources */ = {isa = PBXBuildFile; fileRef = A9F5B1A72B80255E00CD4F69 /* TileImage+CoreDataClass.swift */; };
		A9F5B1AC2B8296EB00CD4F69 /* TileImage+CoreDataProperties.swift in Sources */ = {isa = PBXBuildFile; fileRef = A9F5B1A82B80255E00CD4F69 /* TileImage+CoreDataProperties.swift */; };
		A9FA71292AF4A31800B5E1EC /* Schedule.swift in Sources */ = {isa = PBXBuildFile; fileRef = A9FA71282AF4A31800B5E1EC /* Schedule.swift */; };
		A9FA712B2AF4A3AC00B5E1EC /* DateSelector.swift in Sources */ = {isa = PBXBuildFile; fileRef = A9FA712A2AF4A3AC00B5E1EC /* DateSelector.swift */; };
		A9FA712D2AF4B38B00B5E1EC /* DateModel.swift in Sources */ = {isa = PBXBuildFile; fileRef = A9FA712C2AF4B38B00B5E1EC /* DateModel.swift */; };
/* End PBXBuildFile section */

/* Begin PBXContainerItemProxy section */
		A959B0CF2BA757840049ADEF /* PBXContainerItemProxy */ = {
			isa = PBXContainerItemProxy;
			containerPortal = A9A821F32AF355FE002E0F61 /* Project object */;
			proxyType = 1;
			remoteGlobalIDString = A959B0C72BA757830049ADEF;
			remoteInfo = ShieldAction;
		};
		A9BFCEE22B64396A00F55EE3 /* PBXContainerItemProxy */ = {
			isa = PBXContainerItemProxy;
			containerPortal = A9A821F32AF355FE002E0F61 /* Project object */;
			proxyType = 1;
			remoteGlobalIDString = A9BFCED92B64396A00F55EE3;
			remoteInfo = DeviceActivityMonitor;
		};
		A9F5B1862B7DE65300CD4F69 /* PBXContainerItemProxy */ = {
			isa = PBXContainerItemProxy;
			containerPortal = A9A821F32AF355FE002E0F61 /* Project object */;
			proxyType = 1;
			remoteGlobalIDString = A9F5B17B2B7DE65300CD4F69;
			remoteInfo = ShieldConfiguration;
		};
/* End PBXContainerItemProxy section */

/* Begin PBXCopyFilesBuildPhase section */
		A9BFCEE82B64396A00F55EE3 /* Embed Foundation Extensions */ = {
			isa = PBXCopyFilesBuildPhase;
			buildActionMask = 2147483647;
			dstPath = "";
			dstSubfolderSpec = 13;
			files = (
				A959B0D12BA757840049ADEF /* ShieldAction.appex in Embed Foundation Extensions */,
				A9F5B1882B7DE65300CD4F69 /* ShieldConfiguration.appex in Embed Foundation Extensions */,
				A9BFCEE42B64396A00F55EE3 /* DeviceActivityMonitor.appex in Embed Foundation Extensions */,
			);
			name = "Embed Foundation Extensions";
			runOnlyForDeploymentPostprocessing = 0;
		};
/* End PBXCopyFilesBuildPhase section */

/* Begin PBXFileReference section */
		A90CD7912B489FB4008036D4 /* CalendarViewController.swift */ = {isa = PBXFileReference; fileEncoding = 4; lastKnownFileType = sourcecode.swift; path = CalendarViewController.swift; sourceTree = "<group>"; };
		A90CD79D2B4A64C8008036D4 /* CalendarKit */ = {isa = PBXFileReference; lastKnownFileType = text; path = CalendarKit; sourceTree = SOURCE_ROOT; };
		A92F831B2B4EE61F00AFFFBD /* TaskEditor.swift */ = {isa = PBXFileReference; lastKnownFileType = sourcecode.swift; path = TaskEditor.swift; sourceTree = "<group>"; };
		A92F83252B521A8700AFFFBD /* DueDateSelection.swift */ = {isa = PBXFileReference; lastKnownFileType = sourcecode.swift; path = DueDateSelection.swift; sourceTree = "<group>"; };
		A92F83272B54572300AFFFBD /* ChooseDateView.swift */ = {isa = PBXFileReference; lastKnownFileType = sourcecode.swift; path = ChooseDateView.swift; sourceTree = "<group>"; };
		A9598AB82B1E445A00C14541 /* TaskRow.swift */ = {isa = PBXFileReference; lastKnownFileType = sourcecode.swift; path = TaskRow.swift; sourceTree = "<group>"; };
		A959B0C82BA757830049ADEF /* ShieldAction.appex */ = {isa = PBXFileReference; explicitFileType = "wrapper.app-extension"; includeInIndex = 0; path = ShieldAction.appex; sourceTree = BUILT_PRODUCTS_DIR; };
		A959B0CB2BA757840049ADEF /* ShieldActionExtension.swift */ = {isa = PBXFileReference; lastKnownFileType = sourcecode.swift; path = ShieldActionExtension.swift; sourceTree = "<group>"; };
		A959B0CD2BA757840049ADEF /* Info.plist */ = {isa = PBXFileReference; lastKnownFileType = text.plist.xml; path = Info.plist; sourceTree = "<group>"; };
		A959B0CE2BA757840049ADEF /* ShieldAction.entitlements */ = {isa = PBXFileReference; lastKnownFileType = text.plist.entitlements; path = ShieldAction.entitlements; sourceTree = "<group>"; };
		A962ECF32B953E37008B9F97 /* TaskItem+CoreDataProperties.swift */ = {isa = PBXFileReference; lastKnownFileType = sourcecode.swift; path = "TaskItem+CoreDataProperties.swift"; sourceTree = "<group>"; };
		A977986F2B4E05F800ACA144 /* CalendarNavigationController.swift */ = {isa = PBXFileReference; lastKnownFileType = sourcecode.swift; path = CalendarNavigationController.swift; sourceTree = "<group>"; };
		A97798712B4E06CD00ACA144 /* CalendarView.swift */ = {isa = PBXFileReference; lastKnownFileType = sourcecode.swift; path = CalendarView.swift; sourceTree = "<group>"; };
		A991C6422BCA0E490043E37E /* Tasks.swift */ = {isa = PBXFileReference; lastKnownFileType = sourcecode.swift; path = Tasks.swift; sourceTree = "<group>"; };
		A991C6442BCA0FC90043E37E /* TaskIntro.swift */ = {isa = PBXFileReference; lastKnownFileType = sourcecode.swift; path = TaskIntro.swift; sourceTree = "<group>"; };
		A991C6462BCA14980043E37E /* AllSet.swift */ = {isa = PBXFileReference; lastKnownFileType = sourcecode.swift; path = AllSet.swift; sourceTree = "<group>"; };
		A9A821FB2AF355FE002E0F61 /* Foca2.app */ = {isa = PBXFileReference; explicitFileType = wrapper.application; includeInIndex = 0; path = Foca2.app; sourceTree = BUILT_PRODUCTS_DIR; };
		A9A821FE2AF355FE002E0F61 /* Foca2App.swift */ = {isa = PBXFileReference; lastKnownFileType = sourcecode.swift; path = Foca2App.swift; sourceTree = "<group>"; };
		A9A822002AF355FE002E0F61 /* ContentView.swift */ = {isa = PBXFileReference; lastKnownFileType = sourcecode.swift; path = ContentView.swift; sourceTree = "<group>"; };
		A9A822022AF355FF002E0F61 /* Assets.xcassets */ = {isa = PBXFileReference; lastKnownFileType = folder.assetcatalog; path = Assets.xcassets; sourceTree = "<group>"; };
		A9A822052AF355FF002E0F61 /* Preview Assets.xcassets */ = {isa = PBXFileReference; lastKnownFileType = folder.assetcatalog; path = "Preview Assets.xcassets"; sourceTree = "<group>"; };
		A9A822292AF356E9002E0F61 /* Foca2.xcdatamodel */ = {isa = PBXFileReference; lastKnownFileType = wrapper.xcdatamodel; path = Foca2.xcdatamodel; sourceTree = "<group>"; };
		A9A8222B2AF358E2002E0F61 /* DataController.swift */ = {isa = PBXFileReference; lastKnownFileType = sourcecode.swift; path = DataController.swift; sourceTree = "<group>"; };
		A9ACBA1A2BBCA4CD00526429 /* Welcome.swift */ = {isa = PBXFileReference; lastKnownFileType = sourcecode.swift; path = Welcome.swift; sourceTree = "<group>"; };
		A9ACBA1C2BBCCC0B00526429 /* Permissions.swift */ = {isa = PBXFileReference; lastKnownFileType = sourcecode.swift; path = Permissions.swift; sourceTree = "<group>"; };
		A9BFCEB22B58747E00F55EE3 /* ReminderDateSelection.swift */ = {isa = PBXFileReference; lastKnownFileType = sourcecode.swift; path = ReminderDateSelection.swift; sourceTree = "<group>"; };
		A9BFCEB82B58E15E00F55EE3 /* Info.plist */ = {isa = PBXFileReference; lastKnownFileType = text.plist; path = Info.plist; sourceTree = "<group>"; };
		A9BFCEB92B59BC3000F55EE3 /* NotesEditor.swift */ = {isa = PBXFileReference; lastKnownFileType = sourcecode.swift; path = NotesEditor.swift; sourceTree = "<group>"; };
		A9BFCEBB2B5F0EE600F55EE3 /* TabBar.swift */ = {isa = PBXFileReference; lastKnownFileType = sourcecode.swift; path = TabBar.swift; sourceTree = "<group>"; };
		A9BFCEBE2B608C5000F55EE3 /* SheetHeader.swift */ = {isa = PBXFileReference; lastKnownFileType = sourcecode.swift; path = SheetHeader.swift; sourceTree = "<group>"; };
		A9BFCEC02B608F4100F55EE3 /* PickADateButton.swift */ = {isa = PBXFileReference; lastKnownFileType = sourcecode.swift; path = PickADateButton.swift; sourceTree = "<group>"; };
		A9BFCEC22B608FFF00F55EE3 /* ScreenTimeView.swift */ = {isa = PBXFileReference; lastKnownFileType = sourcecode.swift; path = ScreenTimeView.swift; sourceTree = "<group>"; };
		A9BFCEC62B61603F00F55EE3 /* TimeSelectionCircle.swift */ = {isa = PBXFileReference; lastKnownFileType = sourcecode.swift; path = TimeSelectionCircle.swift; sourceTree = "<group>"; };
		A9BFCEC82B61604E00F55EE3 /* TimerCircle.swift */ = {isa = PBXFileReference; lastKnownFileType = sourcecode.swift; path = TimerCircle.swift; sourceTree = "<group>"; };
		A9BFCECA2B6201EB00F55EE3 /* TimeSelectorView.swift */ = {isa = PBXFileReference; lastKnownFileType = sourcecode.swift; path = TimeSelectorView.swift; sourceTree = "<group>"; };
		A9BFCECC2B62F21800F55EE3 /* Foca2.entitlements */ = {isa = PBXFileReference; lastKnownFileType = text.plist.entitlements; path = Foca2.entitlements; sourceTree = "<group>"; };
		A9BFCECD2B62F40D00F55EE3 /* SomeSettingsView.swift */ = {isa = PBXFileReference; lastKnownFileType = sourcecode.swift; path = SomeSettingsView.swift; sourceTree = "<group>"; };
		A9BFCED02B6324BF00F55EE3 /* SessionModel.swift */ = {isa = PBXFileReference; lastKnownFileType = sourcecode.swift; path = SessionModel.swift; sourceTree = "<group>"; };
		A9BFCED22B6415C100F55EE3 /* TaskItem+CoreDataClass.swift */ = {isa = PBXFileReference; lastKnownFileType = sourcecode.swift; name = "TaskItem+CoreDataClass.swift"; path = "Foca2/TaskItem+CoreDataClass.swift"; sourceTree = SOURCE_ROOT; };
		A9BFCEDA2B64396A00F55EE3 /* DeviceActivityMonitor.appex */ = {isa = PBXFileReference; explicitFileType = "wrapper.app-extension"; includeInIndex = 0; path = DeviceActivityMonitor.appex; sourceTree = BUILT_PRODUCTS_DIR; };
		A9BFCEDB2B64396A00F55EE3 /* DeviceActivity.framework */ = {isa = PBXFileReference; lastKnownFileType = wrapper.framework; name = DeviceActivity.framework; path = System/Library/Frameworks/DeviceActivity.framework; sourceTree = SDKROOT; };
		A9BFCEDE2B64396A00F55EE3 /* DeviceActivityMonitorExtension.swift */ = {isa = PBXFileReference; lastKnownFileType = sourcecode.swift; path = DeviceActivityMonitorExtension.swift; sourceTree = "<group>"; };
		A9BFCEE02B64396A00F55EE3 /* Info.plist */ = {isa = PBXFileReference; lastKnownFileType = text.plist.xml; path = Info.plist; sourceTree = "<group>"; };
		A9BFCEE12B64396A00F55EE3 /* DeviceActivityMonitor.entitlements */ = {isa = PBXFileReference; lastKnownFileType = text.plist.entitlements; path = DeviceActivityMonitor.entitlements; sourceTree = "<group>"; };
		A9C651F12B17AADA000B3D2A /* Random.swift */ = {isa = PBXFileReference; lastKnownFileType = sourcecode.swift; path = Random.swift; sourceTree = "<group>"; };
		A9C651F52B17ACF6000B3D2A /* TaskTile.swift */ = {isa = PBXFileReference; lastKnownFileType = sourcecode.swift; path = TaskTile.swift; sourceTree = "<group>"; };
		A9C651FD2B19A308000B3D2A /* TaskModel.swift */ = {isa = PBXFileReference; lastKnownFileType = sourcecode.swift; path = TaskModel.swift; sourceTree = "<group>"; };
		A9C9F7942BBF330B006F718B /* SelectApps.swift */ = {isa = PBXFileReference; lastKnownFileType = sourcecode.swift; path = SelectApps.swift; sourceTree = "<group>"; };
		A9C9F7962BC09F41006F718B /* IntroTutorial.swift */ = {isa = PBXFileReference; lastKnownFileType = sourcecode.swift; path = IntroTutorial.swift; sourceTree = "<group>"; };
		A9C9F7982BC34E22006F718B /* Budget.swift */ = {isa = PBXFileReference; lastKnownFileType = sourcecode.swift; path = Budget.swift; sourceTree = "<group>"; };
		A9C9F79B2BC49E25006F718B /* TaskView.swift */ = {isa = PBXFileReference; lastKnownFileType = sourcecode.swift; path = TaskView.swift; sourceTree = "<group>"; };
		A9C9F79D2BC5D6C9006F718B /* TaskRowExtraInfo.swift */ = {isa = PBXFileReference; lastKnownFileType = sourcecode.swift; path = TaskRowExtraInfo.swift; sourceTree = "<group>"; };
		A9E127712B864B6300FEEFBC /* EKWrapper.swift */ = {isa = PBXFileReference; fileEncoding = 4; lastKnownFileType = sourcecode.swift; path = EKWrapper.swift; sourceTree = "<group>"; };
		A9E127732B88196C00FEEFBC /* DifficultySelect.swift */ = {isa = PBXFileReference; lastKnownFileType = sourcecode.swift; path = DifficultySelect.swift; sourceTree = "<group>"; };
		A9F5B1742B74820B00CD4F69 /* ScheduleSheet.swift */ = {isa = PBXFileReference; lastKnownFileType = sourcecode.swift; path = ScheduleSheet.swift; sourceTree = "<group>"; };
		A9F5B1762B7B326200CD4F69 /* StartBreakView.swift */ = {isa = PBXFileReference; lastKnownFileType = sourcecode.swift; path = StartBreakView.swift; sourceTree = "<group>"; };
		A9F5B17C2B7DE65300CD4F69 /* ShieldConfiguration.appex */ = {isa = PBXFileReference; explicitFileType = "wrapper.app-extension"; includeInIndex = 0; path = ShieldConfiguration.appex; sourceTree = BUILT_PRODUCTS_DIR; };
		A9F5B17D2B7DE65300CD4F69 /* ManagedSettings.framework */ = {isa = PBXFileReference; lastKnownFileType = wrapper.framework; name = ManagedSettings.framework; path = System/Library/Frameworks/ManagedSettings.framework; sourceTree = SDKROOT; };
		A9F5B17F2B7DE65300CD4F69 /* ManagedSettingsUI.framework */ = {isa = PBXFileReference; lastKnownFileType = wrapper.framework; name = ManagedSettingsUI.framework; path = System/Library/Frameworks/ManagedSettingsUI.framework; sourceTree = SDKROOT; };
		A9F5B1822B7DE65300CD4F69 /* ShieldConfigurationExtension.swift */ = {isa = PBXFileReference; lastKnownFileType = sourcecode.swift; path = ShieldConfigurationExtension.swift; sourceTree = "<group>"; };
		A9F5B1842B7DE65300CD4F69 /* Info.plist */ = {isa = PBXFileReference; lastKnownFileType = text.plist.xml; path = Info.plist; sourceTree = "<group>"; };
		A9F5B1852B7DE65300CD4F69 /* ShieldConfiguration.entitlements */ = {isa = PBXFileReference; lastKnownFileType = text.plist.entitlements; path = ShieldConfiguration.entitlements; sourceTree = "<group>"; };
		A9F5B1A72B80255E00CD4F69 /* TileImage+CoreDataClass.swift */ = {isa = PBXFileReference; lastKnownFileType = sourcecode.swift; name = "TileImage+CoreDataClass.swift"; path = "Foca2/CoreDataDefs/TileImage+CoreDataClass.swift"; sourceTree = SOURCE_ROOT; };
		A9F5B1A82B80255E00CD4F69 /* TileImage+CoreDataProperties.swift */ = {isa = PBXFileReference; lastKnownFileType = sourcecode.swift; name = "TileImage+CoreDataProperties.swift"; path = "Foca2/CoreDataDefs/TileImage+CoreDataProperties.swift"; sourceTree = SOURCE_ROOT; };
		A9FA71282AF4A31800B5E1EC /* Schedule.swift */ = {isa = PBXFileReference; lastKnownFileType = sourcecode.swift; path = Schedule.swift; sourceTree = "<group>"; };
		A9FA712A2AF4A3AC00B5E1EC /* DateSelector.swift */ = {isa = PBXFileReference; lastKnownFileType = sourcecode.swift; path = DateSelector.swift; sourceTree = "<group>"; };
		A9FA712C2AF4B38B00B5E1EC /* DateModel.swift */ = {isa = PBXFileReference; lastKnownFileType = sourcecode.swift; path = DateModel.swift; sourceTree = "<group>"; };
/* End PBXFileReference section */

/* Begin PBXFrameworksBuildPhase section */
		A959B0C52BA757830049ADEF /* Frameworks */ = {
			isa = PBXFrameworksBuildPhase;
			buildActionMask = 2147483647;
			files = (
				A959B0C92BA757840049ADEF /* ManagedSettings.framework in Frameworks */,
			);
			runOnlyForDeploymentPostprocessing = 0;
		};
		A9A821F82AF355FE002E0F61 /* Frameworks */ = {
			isa = PBXFrameworksBuildPhase;
			buildActionMask = 2147483647;
			files = (
				A90CD7A02B4A651F008036D4 /* CalendarKit in Frameworks */,
			);
			runOnlyForDeploymentPostprocessing = 0;
		};
		A9BFCED72B64396A00F55EE3 /* Frameworks */ = {
			isa = PBXFrameworksBuildPhase;
			buildActionMask = 2147483647;
			files = (
				A9BFCEDC2B64396A00F55EE3 /* DeviceActivity.framework in Frameworks */,
			);
			runOnlyForDeploymentPostprocessing = 0;
		};
		A9F5B1792B7DE65300CD4F69 /* Frameworks */ = {
			isa = PBXFrameworksBuildPhase;
			buildActionMask = 2147483647;
			files = (
				A9F5B17E2B7DE65300CD4F69 /* ManagedSettings.framework in Frameworks */,
				A9F5B1802B7DE65300CD4F69 /* ManagedSettingsUI.framework in Frameworks */,
			);
			runOnlyForDeploymentPostprocessing = 0;
		};
/* End PBXFrameworksBuildPhase section */

/* Begin PBXGroup section */
		A90CD79E2B4A651F008036D4 /* Frameworks */ = {
			isa = PBXGroup;
			children = (
				A9BFCEDB2B64396A00F55EE3 /* DeviceActivity.framework */,
				A9F5B17D2B7DE65300CD4F69 /* ManagedSettings.framework */,
				A9F5B17F2B7DE65300CD4F69 /* ManagedSettingsUI.framework */,
			);
			name = Frameworks;
			sourceTree = "<group>";
		};
		A9598ABA2B210D2E00C14541 /* ScheduleViews */ = {
			isa = PBXGroup;
			children = (
				A9FA71282AF4A31800B5E1EC /* Schedule.swift */,
				A9FA712A2AF4A3AC00B5E1EC /* DateSelector.swift */,
				A9BFCEBE2B608C5000F55EE3 /* SheetHeader.swift */,
				A9C651F52B17ACF6000B3D2A /* TaskTile.swift */,
				A92F83252B521A8700AFFFBD /* DueDateSelection.swift */,
				A9BFCEC02B608F4100F55EE3 /* PickADateButton.swift */,
				A9BFCEB92B59BC3000F55EE3 /* NotesEditor.swift */,
				A9BFCEB22B58747E00F55EE3 /* ReminderDateSelection.swift */,
				A92F83272B54572300AFFFBD /* ChooseDateView.swift */,
				A97798712B4E06CD00ACA144 /* CalendarView.swift */,
				A90CD7912B489FB4008036D4 /* CalendarViewController.swift */,
				A977986F2B4E05F800ACA144 /* CalendarNavigationController.swift */,
				A9E127712B864B6300FEEFBC /* EKWrapper.swift */,
			);
			path = ScheduleViews;
			sourceTree = "<group>";
		};
		A9598ABB2B210D6000C14541 /* CoreDataDefs */ = {
			isa = PBXGroup;
			children = (
				A9F5B1A72B80255E00CD4F69 /* TileImage+CoreDataClass.swift */,
				A9F5B1A82B80255E00CD4F69 /* TileImage+CoreDataProperties.swift */,
				A9BFCED22B6415C100F55EE3 /* TaskItem+CoreDataClass.swift */,
				A962ECF32B953E37008B9F97 /* TaskItem+CoreDataProperties.swift */,
			);
			path = CoreDataDefs;
			sourceTree = "<group>";
		};
		A959B0CA2BA757840049ADEF /* ShieldAction */ = {
			isa = PBXGroup;
			children = (
				A959B0CB2BA757840049ADEF /* ShieldActionExtension.swift */,
				A959B0CD2BA757840049ADEF /* Info.plist */,
				A959B0CE2BA757840049ADEF /* ShieldAction.entitlements */,
			);
			path = ShieldAction;
			sourceTree = "<group>";
		};
		A9A821F22AF355FE002E0F61 = {
			isa = PBXGroup;
			children = (
				A9A821FD2AF355FE002E0F61 /* Foca2 */,
				A9BFCEDD2B64396A00F55EE3 /* DeviceActivityMonitor */,
				A9F5B1812B7DE65300CD4F69 /* ShieldConfiguration */,
				A959B0CA2BA757840049ADEF /* ShieldAction */,
				A9A821FC2AF355FE002E0F61 /* Products */,
				A90CD79E2B4A651F008036D4 /* Frameworks */,
			);
			sourceTree = "<group>";
		};
		A9A821FC2AF355FE002E0F61 /* Products */ = {
			isa = PBXGroup;
			children = (
				A9A821FB2AF355FE002E0F61 /* Foca2.app */,
				A9BFCEDA2B64396A00F55EE3 /* DeviceActivityMonitor.appex */,
				A9F5B17C2B7DE65300CD4F69 /* ShieldConfiguration.appex */,
				A959B0C82BA757830049ADEF /* ShieldAction.appex */,
			);
			name = Products;
			sourceTree = "<group>";
		};
		A9A821FD2AF355FE002E0F61 /* Foca2 */ = {
			isa = PBXGroup;
			children = (
				A9A821FE2AF355FE002E0F61 /* Foca2App.swift */,
				A9A822002AF355FE002E0F61 /* ContentView.swift */,
				A9ACBA192BBCA4BA00526429 /* Intro */,
				A9BFCEBB2B5F0EE600F55EE3 /* TabBar.swift */,
				A9C651F12B17AADA000B3D2A /* Random.swift */,
				A9BFCECF2B6320B300F55EE3 /* Logic */,
				A9598ABA2B210D2E00C14541 /* ScheduleViews */,
				A9C9F79A2BC49E04006F718B /* TaskViews */,
				A9BFCEBD2B60899600F55EE3 /* ScreenTimeViews */,
				A9A822282AF356E9002E0F61 /* Foca2.xcdatamodeld */,
				A90CD79D2B4A64C8008036D4 /* CalendarKit */,
				A9A8222B2AF358E2002E0F61 /* DataController.swift */,
				A9598ABB2B210D6000C14541 /* CoreDataDefs */,
				A9A822022AF355FF002E0F61 /* Assets.xcassets */,
				A9BFCECC2B62F21800F55EE3 /* Foca2.entitlements */,
				A9BFCEB82B58E15E00F55EE3 /* Info.plist */,
				A9A822042AF355FF002E0F61 /* Preview Content */,
			);
			path = Foca2;
			sourceTree = "<group>";
		};
		A9A822042AF355FF002E0F61 /* Preview Content */ = {
			isa = PBXGroup;
			children = (
				A9A822052AF355FF002E0F61 /* Preview Assets.xcassets */,
			);
			path = "Preview Content";
			sourceTree = "<group>";
		};
		A9ACBA192BBCA4BA00526429 /* Intro */ = {
			isa = PBXGroup;
			children = (
				A9C9F7962BC09F41006F718B /* IntroTutorial.swift */,
				A9ACBA1A2BBCA4CD00526429 /* Welcome.swift */,
				A9ACBA1C2BBCCC0B00526429 /* Permissions.swift */,
				A9C9F7942BBF330B006F718B /* SelectApps.swift */,
				A9C9F7982BC34E22006F718B /* Budget.swift */,
				A991C6442BCA0FC90043E37E /* TaskIntro.swift */,
				A991C6462BCA14980043E37E /* AllSet.swift */,
			);
			path = Intro;
			sourceTree = "<group>";
		};
		A9BFCEBD2B60899600F55EE3 /* ScreenTimeViews */ = {
			isa = PBXGroup;
			children = (
				A9BFCEC22B608FFF00F55EE3 /* ScreenTimeView.swift */,
				A9F5B1762B7B326200CD4F69 /* StartBreakView.swift */,
				A9BFCECD2B62F40D00F55EE3 /* SomeSettingsView.swift */,
				A9BFCEC62B61603F00F55EE3 /* TimeSelectionCircle.swift */,
				A9BFCECA2B6201EB00F55EE3 /* TimeSelectorView.swift */,
				A9BFCEC82B61604E00F55EE3 /* TimerCircle.swift */,
				A9F5B1742B74820B00CD4F69 /* ScheduleSheet.swift */,
				A9E127732B88196C00FEEFBC /* DifficultySelect.swift */,
			);
			path = ScreenTimeViews;
			sourceTree = "<group>";
		};
		A9BFCECF2B6320B300F55EE3 /* Logic */ = {
			isa = PBXGroup;
			children = (
				A9FA712C2AF4B38B00B5E1EC /* DateModel.swift */,
				A9BFCED02B6324BF00F55EE3 /* SessionModel.swift */,
				A9C651FD2B19A308000B3D2A /* TaskModel.swift */,
			);
			path = Logic;
			sourceTree = "<group>";
		};
		A9BFCEDD2B64396A00F55EE3 /* DeviceActivityMonitor */ = {
			isa = PBXGroup;
			children = (
				A9BFCEDE2B64396A00F55EE3 /* DeviceActivityMonitorExtension.swift */,
				A9BFCEE02B64396A00F55EE3 /* Info.plist */,
				A9BFCEE12B64396A00F55EE3 /* DeviceActivityMonitor.entitlements */,
			);
			path = DeviceActivityMonitor;
			sourceTree = "<group>";
		};
		A9C9F79A2BC49E04006F718B /* TaskViews */ = {
			isa = PBXGroup;
			children = (
				A9C9F79B2BC49E25006F718B /* TaskView.swift */,
				A991C6422BCA0E490043E37E /* Tasks.swift */,
				A9C9F79D2BC5D6C9006F718B /* TaskRowExtraInfo.swift */,
				A92F831B2B4EE61F00AFFFBD /* TaskEditor.swift */,
				A9598AB82B1E445A00C14541 /* TaskRow.swift */,
			);
			path = TaskViews;
			sourceTree = "<group>";
		};
		A9F5B1812B7DE65300CD4F69 /* ShieldConfiguration */ = {
			isa = PBXGroup;
			children = (
				A9F5B1822B7DE65300CD4F69 /* ShieldConfigurationExtension.swift */,
				A9F5B1842B7DE65300CD4F69 /* Info.plist */,
				A9F5B1852B7DE65300CD4F69 /* ShieldConfiguration.entitlements */,
			);
			path = ShieldConfiguration;
			sourceTree = "<group>";
		};
/* End PBXGroup section */

/* Begin PBXNativeTarget section */
		A959B0C72BA757830049ADEF /* ShieldAction */ = {
			isa = PBXNativeTarget;
			buildConfigurationList = A959B0D22BA757840049ADEF /* Build configuration list for PBXNativeTarget "ShieldAction" */;
			buildPhases = (
				A959B0C42BA757830049ADEF /* Sources */,
				A959B0C52BA757830049ADEF /* Frameworks */,
				A959B0C62BA757830049ADEF /* Resources */,
			);
			buildRules = (
			);
			dependencies = (
			);
			name = ShieldAction;
			productName = ShieldAction;
			productReference = A959B0C82BA757830049ADEF /* ShieldAction.appex */;
			productType = "com.apple.product-type.app-extension";
		};
		A9A821FA2AF355FE002E0F61 /* Foca2 */ = {
			isa = PBXNativeTarget;
			buildConfigurationList = A9A8221F2AF355FF002E0F61 /* Build configuration list for PBXNativeTarget "Foca2" */;
			buildPhases = (
				A9A821F72AF355FE002E0F61 /* Sources */,
				A9A821F82AF355FE002E0F61 /* Frameworks */,
				A9A821F92AF355FE002E0F61 /* Resources */,
				A9BFCEE82B64396A00F55EE3 /* Embed Foundation Extensions */,
			);
			buildRules = (
			);
			dependencies = (
				A9BFCEE32B64396A00F55EE3 /* PBXTargetDependency */,
				A9F5B1872B7DE65300CD4F69 /* PBXTargetDependency */,
				A959B0D02BA757840049ADEF /* PBXTargetDependency */,
			);
			name = Foca2;
			packageProductDependencies = (
				A90CD79F2B4A651F008036D4 /* CalendarKit */,
			);
			productName = Foca2;
			productReference = A9A821FB2AF355FE002E0F61 /* Foca2.app */;
			productType = "com.apple.product-type.application";
		};
		A9BFCED92B64396A00F55EE3 /* DeviceActivityMonitor */ = {
			isa = PBXNativeTarget;
			buildConfigurationList = A9BFCEE52B64396A00F55EE3 /* Build configuration list for PBXNativeTarget "DeviceActivityMonitor" */;
			buildPhases = (
				A9BFCED62B64396A00F55EE3 /* Sources */,
				A9BFCED72B64396A00F55EE3 /* Frameworks */,
				A9BFCED82B64396A00F55EE3 /* Resources */,
			);
			buildRules = (
			);
			dependencies = (
			);
			name = DeviceActivityMonitor;
			productName = DeviceActivityMonitor;
			productReference = A9BFCEDA2B64396A00F55EE3 /* DeviceActivityMonitor.appex */;
			productType = "com.apple.product-type.app-extension";
		};
		A9F5B17B2B7DE65300CD4F69 /* ShieldConfiguration */ = {
			isa = PBXNativeTarget;
			buildConfigurationList = A9F5B1892B7DE65300CD4F69 /* Build configuration list for PBXNativeTarget "ShieldConfiguration" */;
			buildPhases = (
				A9F5B1782B7DE65300CD4F69 /* Sources */,
				A9F5B1792B7DE65300CD4F69 /* Frameworks */,
				A9F5B17A2B7DE65300CD4F69 /* Resources */,
			);
			buildRules = (
			);
			dependencies = (
			);
			name = ShieldConfiguration;
			productName = ShieldConfiguration;
			productReference = A9F5B17C2B7DE65300CD4F69 /* ShieldConfiguration.appex */;
			productType = "com.apple.product-type.app-extension";
		};
/* End PBXNativeTarget section */

/* Begin PBXProject section */
		A9A821F32AF355FE002E0F61 /* Project object */ = {
			isa = PBXProject;
			attributes = {
				BuildIndependentTargetsInParallel = 1;
				LastSwiftUpdateCheck = 1510;
				LastUpgradeCheck = 1510;
				TargetAttributes = {
					A959B0C72BA757830049ADEF = {
						CreatedOnToolsVersion = 15.1;
					};
					A9A821FA2AF355FE002E0F61 = {
						CreatedOnToolsVersion = 14.3.1;
					};
					A9BFCED92B64396A00F55EE3 = {
						CreatedOnToolsVersion = 15.1;
					};
					A9F5B17B2B7DE65300CD4F69 = {
						CreatedOnToolsVersion = 15.1;
					};
				};
			};
			buildConfigurationList = A9A821F62AF355FE002E0F61 /* Build configuration list for PBXProject "Foca2" */;
			compatibilityVersion = "Xcode 14.0";
			developmentRegion = en;
			hasScannedForEncodings = 0;
			knownRegions = (
				en,
				Base,
			);
			mainGroup = A9A821F22AF355FE002E0F61;
			packageReferences = (
			);
			productRefGroup = A9A821FC2AF355FE002E0F61 /* Products */;
			projectDirPath = "";
			projectRoot = "";
			targets = (
				A9A821FA2AF355FE002E0F61 /* Foca2 */,
				A9BFCED92B64396A00F55EE3 /* DeviceActivityMonitor */,
				A9F5B17B2B7DE65300CD4F69 /* ShieldConfiguration */,
				A959B0C72BA757830049ADEF /* ShieldAction */,
			);
		};
/* End PBXProject section */

/* Begin PBXResourcesBuildPhase section */
		A959B0C62BA757830049ADEF /* Resources */ = {
			isa = PBXResourcesBuildPhase;
			buildActionMask = 2147483647;
			files = (
			);
			runOnlyForDeploymentPostprocessing = 0;
		};
		A9A821F92AF355FE002E0F61 /* Resources */ = {
			isa = PBXResourcesBuildPhase;
			buildActionMask = 2147483647;
			files = (
				A9A822062AF355FF002E0F61 /* Preview Assets.xcassets in Resources */,
				A9A822032AF355FF002E0F61 /* Assets.xcassets in Resources */,
			);
			runOnlyForDeploymentPostprocessing = 0;
		};
		A9BFCED82B64396A00F55EE3 /* Resources */ = {
			isa = PBXResourcesBuildPhase;
			buildActionMask = 2147483647;
			files = (
			);
			runOnlyForDeploymentPostprocessing = 0;
		};
		A9F5B17A2B7DE65300CD4F69 /* Resources */ = {
			isa = PBXResourcesBuildPhase;
			buildActionMask = 2147483647;
			files = (
				A9F5B1A62B7F444F00CD4F69 /* Assets.xcassets in Resources */,
			);
			runOnlyForDeploymentPostprocessing = 0;
		};
/* End PBXResourcesBuildPhase section */

/* Begin PBXSourcesBuildPhase section */
		A959B0C42BA757830049ADEF /* Sources */ = {
			isa = PBXSourcesBuildPhase;
			buildActionMask = 2147483647;
			files = (
				A959B0D62BA795990049ADEF /* Random.swift in Sources */,
				A959B0CC2BA757840049ADEF /* ShieldActionExtension.swift in Sources */,
			);
			runOnlyForDeploymentPostprocessing = 0;
		};
		A9A821F72AF355FE002E0F61 /* Sources */ = {
			isa = PBXSourcesBuildPhase;
			buildActionMask = 2147483647;
			files = (
				A9BFCEBA2B59BC3000F55EE3 /* NotesEditor.swift in Sources */,
				A9F5B1AA2B80255E00CD4F69 /* TileImage+CoreDataProperties.swift in Sources */,
				A9BFCEC32B608FFF00F55EE3 /* ScreenTimeView.swift in Sources */,
				A92F83282B54572300AFFFBD /* ChooseDateView.swift in Sources */,
				A9BFCEC12B608F4100F55EE3 /* PickADateButton.swift in Sources */,
				A90CD7922B489FB4008036D4 /* CalendarViewController.swift in Sources */,
				A9A822012AF355FE002E0F61 /* ContentView.swift in Sources */,
				A9BFCEC72B61603F00F55EE3 /* TimeSelectionCircle.swift in Sources */,
				A9A8222C2AF358E2002E0F61 /* DataController.swift in Sources */,
				A9598AB92B1E445A00C14541 /* TaskRow.swift in Sources */,
				A9C651F62B17ACF6000B3D2A /* TaskTile.swift in Sources */,
				A9BFCECE2B62F40D00F55EE3 /* SomeSettingsView.swift in Sources */,
				A9ACBA1D2BBCCC0B00526429 /* Permissions.swift in Sources */,
				A9BFCECB2B6201EB00F55EE3 /* TimeSelectorView.swift in Sources */,
				A92F831C2B4EE61F00AFFFBD /* TaskEditor.swift in Sources */,
				A962ECF42B953E37008B9F97 /* TaskItem+CoreDataProperties.swift in Sources */,
				A9E127722B864B6300FEEFBC /* EKWrapper.swift in Sources */,
				A92F83262B521A8700AFFFBD /* DueDateSelection.swift in Sources */,
				A9FA71292AF4A31800B5E1EC /* Schedule.swift in Sources */,
				A9ACBA1B2BBCA4CD00526429 /* Welcome.swift in Sources */,
				A991C6472BCA14980043E37E /* AllSet.swift in Sources */,
				A9E127742B88196C00FEEFBC /* DifficultySelect.swift in Sources */,
				A9C9F79E2BC5D6C9006F718B /* TaskRowExtraInfo.swift in Sources */,
				A9A8222A2AF356E9002E0F61 /* Foca2.xcdatamodeld in Sources */,
				A97798722B4E06CD00ACA144 /* CalendarView.swift in Sources */,
				A9A821FF2AF355FE002E0F61 /* Foca2App.swift in Sources */,
				A9F5B1752B74820B00CD4F69 /* ScheduleSheet.swift in Sources */,
				A9C651FE2B19A308000B3D2A /* TaskModel.swift in Sources */,
				A97798702B4E05F800ACA144 /* CalendarNavigationController.swift in Sources */,
				A991C6432BCA0E490043E37E /* Tasks.swift in Sources */,
				A9BFCEB32B58747E00F55EE3 /* ReminderDateSelection.swift in Sources */,
				A9C9F79C2BC49E25006F718B /* TaskView.swift in Sources */,
				A991C6452BCA0FC90043E37E /* TaskIntro.swift in Sources */,
				A9F5B1A92B80255E00CD4F69 /* TileImage+CoreDataClass.swift in Sources */,
				A9C9F7992BC34E22006F718B /* Budget.swift in Sources */,
				A9FA712D2AF4B38B00B5E1EC /* DateModel.swift in Sources */,
				A9C9F7972BC09F41006F718B /* IntroTutorial.swift in Sources */,
				A9C651F22B17AADA000B3D2A /* Random.swift in Sources */,
				A9FA712B2AF4A3AC00B5E1EC /* DateSelector.swift in Sources */,
				A9BFCEBF2B608C5000F55EE3 /* SheetHeader.swift in Sources */,
				A9BFCEBC2B5F0EE600F55EE3 /* TabBar.swift in Sources */,
				A9F5B1772B7B326200CD4F69 /* StartBreakView.swift in Sources */,
				A9C9F7952BBF330B006F718B /* SelectApps.swift in Sources */,
				A9BFCED12B6324BF00F55EE3 /* SessionModel.swift in Sources */,
				A9BFCEC92B61604E00F55EE3 /* TimerCircle.swift in Sources */,
				A9BFCED42B6415C100F55EE3 /* TaskItem+CoreDataClass.swift in Sources */,
			);
			runOnlyForDeploymentPostprocessing = 0;
		};
		A9BFCED62B64396A00F55EE3 /* Sources */ = {
			isa = PBXSourcesBuildPhase;
			buildActionMask = 2147483647;
			files = (
				A9BFCEDF2B64396A00F55EE3 /* DeviceActivityMonitorExtension.swift in Sources */,
				A9BFCEEC2B64841B00F55EE3 /* SessionModel.swift in Sources */,
				A9BFCEED2B6484C200F55EE3 /* Random.swift in Sources */,
			);
			runOnlyForDeploymentPostprocessing = 0;
		};
		A9F5B1782B7DE65300CD4F69 /* Sources */ = {
			isa = PBXSourcesBuildPhase;
			buildActionMask = 2147483647;
			files = (
				A9F5B18C2B7DE67C00CD4F69 /* Random.swift in Sources */,
				A9F5B1AC2B8296EB00CD4F69 /* TileImage+CoreDataProperties.swift in Sources */,
				A9F5B1922B7DF94D00CD4F69 /* Foca2.xcdatamodeld in Sources */,
				A962ECF52B955B10008B9F97 /* TaskItem+CoreDataProperties.swift in Sources */,
				A9F5B1832B7DE65300CD4F69 /* ShieldConfigurationExtension.swift in Sources */,
				A9F5B1AB2B8296E800CD4F69 /* TileImage+CoreDataClass.swift in Sources */,
				A9F5B1902B7DE6CA00CD4F69 /* TaskItem+CoreDataClass.swift in Sources */,
			);
			runOnlyForDeploymentPostprocessing = 0;
		};
/* End PBXSourcesBuildPhase section */

/* Begin PBXTargetDependency section */
		A959B0D02BA757840049ADEF /* PBXTargetDependency */ = {
			isa = PBXTargetDependency;
			target = A959B0C72BA757830049ADEF /* ShieldAction */;
			targetProxy = A959B0CF2BA757840049ADEF /* PBXContainerItemProxy */;
		};
		A9BFCEE32B64396A00F55EE3 /* PBXTargetDependency */ = {
			isa = PBXTargetDependency;
			target = A9BFCED92B64396A00F55EE3 /* DeviceActivityMonitor */;
			targetProxy = A9BFCEE22B64396A00F55EE3 /* PBXContainerItemProxy */;
		};
		A9F5B1872B7DE65300CD4F69 /* PBXTargetDependency */ = {
			isa = PBXTargetDependency;
			target = A9F5B17B2B7DE65300CD4F69 /* ShieldConfiguration */;
			targetProxy = A9F5B1862B7DE65300CD4F69 /* PBXContainerItemProxy */;
		};
/* End PBXTargetDependency section */

/* Begin XCBuildConfiguration section */
		A959B0D32BA757840049ADEF /* Debug */ = {
			isa = XCBuildConfiguration;
			buildSettings = {
				ASSETCATALOG_COMPILER_GENERATE_SWIFT_ASSET_SYMBOL_EXTENSIONS = YES;
				CODE_SIGN_ENTITLEMENTS = ShieldAction/ShieldAction.entitlements;
				CODE_SIGN_STYLE = Automatic;
				CURRENT_PROJECT_VERSION = 1;
				DEVELOPMENT_TEAM = 2L6XN9RA4T;
				GCC_C_LANGUAGE_STANDARD = gnu17;
				GENERATE_INFOPLIST_FILE = YES;
				INFOPLIST_FILE = ShieldAction/Info.plist;
				INFOPLIST_KEY_CFBundleDisplayName = ShieldAction;
				INFOPLIST_KEY_NSHumanReadableCopyright = "";
				IPHONEOS_DEPLOYMENT_TARGET = 17.2;
				LD_RUNPATH_SEARCH_PATHS = (
					"$(inherited)",
					"@executable_path/Frameworks",
					"@executable_path/../../Frameworks",
				);
				LOCALIZATION_PREFERS_STRING_CATALOGS = YES;
				MARKETING_VERSION = 1.0;
				PRODUCT_BUNDLE_IDENTIFIER = app.Foca2.ShieldAction;
				PRODUCT_NAME = "$(TARGET_NAME)";
				SKIP_INSTALL = YES;
				SWIFT_ACTIVE_COMPILATION_CONDITIONS = "DEBUG $(inherited)";
				SWIFT_EMIT_LOC_STRINGS = YES;
				SWIFT_VERSION = 5.0;
				TARGETED_DEVICE_FAMILY = "1,2";
			};
			name = Debug;
		};
		A959B0D42BA757840049ADEF /* Release */ = {
			isa = XCBuildConfiguration;
			buildSettings = {
				ASSETCATALOG_COMPILER_GENERATE_SWIFT_ASSET_SYMBOL_EXTENSIONS = YES;
				CODE_SIGN_ENTITLEMENTS = ShieldAction/ShieldActionRelease.entitlements;
				CODE_SIGN_STYLE = Automatic;
				CURRENT_PROJECT_VERSION = 1;
				DEVELOPMENT_TEAM = 2L6XN9RA4T;
				GCC_C_LANGUAGE_STANDARD = gnu17;
				GENERATE_INFOPLIST_FILE = YES;
				INFOPLIST_FILE = ShieldAction/Info.plist;
				INFOPLIST_KEY_CFBundleDisplayName = ShieldAction;
				INFOPLIST_KEY_NSHumanReadableCopyright = "";
				IPHONEOS_DEPLOYMENT_TARGET = 17.2;
				LD_RUNPATH_SEARCH_PATHS = (
					"$(inherited)",
					"@executable_path/Frameworks",
					"@executable_path/../../Frameworks",
				);
				LOCALIZATION_PREFERS_STRING_CATALOGS = YES;
				MARKETING_VERSION = 1.0;
				PRODUCT_BUNDLE_IDENTIFIER = app.Foca2.ShieldAction;
				PRODUCT_NAME = "$(TARGET_NAME)";
				SKIP_INSTALL = YES;
				SWIFT_EMIT_LOC_STRINGS = YES;
				SWIFT_VERSION = 5.0;
				TARGETED_DEVICE_FAMILY = "1,2";
			};
			name = Release;
		};
		A9A8221D2AF355FF002E0F61 /* Debug */ = {
			isa = XCBuildConfiguration;
			buildSettings = {
				ALWAYS_SEARCH_USER_PATHS = NO;
				CLANG_ANALYZER_NONNULL = YES;
				CLANG_ANALYZER_NUMBER_OBJECT_CONVERSION = YES_AGGRESSIVE;
				CLANG_CXX_LANGUAGE_STANDARD = "gnu++20";
				CLANG_ENABLE_MODULES = YES;
				CLANG_ENABLE_OBJC_ARC = YES;
				CLANG_ENABLE_OBJC_WEAK = YES;
				CLANG_WARN_BLOCK_CAPTURE_AUTORELEASING = YES;
				CLANG_WARN_BOOL_CONVERSION = YES;
				CLANG_WARN_COMMA = YES;
				CLANG_WARN_CONSTANT_CONVERSION = YES;
				CLANG_WARN_DEPRECATED_OBJC_IMPLEMENTATIONS = YES;
				CLANG_WARN_DIRECT_OBJC_ISA_USAGE = YES_ERROR;
				CLANG_WARN_DOCUMENTATION_COMMENTS = YES;
				CLANG_WARN_EMPTY_BODY = YES;
				CLANG_WARN_ENUM_CONVERSION = YES;
				CLANG_WARN_INFINITE_RECURSION = YES;
				CLANG_WARN_INT_CONVERSION = YES;
				CLANG_WARN_NON_LITERAL_NULL_CONVERSION = YES;
				CLANG_WARN_OBJC_IMPLICIT_RETAIN_SELF = YES;
				CLANG_WARN_OBJC_LITERAL_CONVERSION = YES;
				CLANG_WARN_OBJC_ROOT_CLASS = YES_ERROR;
				CLANG_WARN_QUOTED_INCLUDE_IN_FRAMEWORK_HEADER = YES;
				CLANG_WARN_RANGE_LOOP_ANALYSIS = YES;
				CLANG_WARN_STRICT_PROTOTYPES = YES;
				CLANG_WARN_SUSPICIOUS_MOVE = YES;
				CLANG_WARN_UNGUARDED_AVAILABILITY = YES_AGGRESSIVE;
				CLANG_WARN_UNREACHABLE_CODE = YES;
				CLANG_WARN__DUPLICATE_METHOD_MATCH = YES;
				COPY_PHASE_STRIP = NO;
				DEBUG_INFORMATION_FORMAT = dwarf;
				ENABLE_STRICT_OBJC_MSGSEND = YES;
				ENABLE_TESTABILITY = YES;
				ENABLE_USER_SCRIPT_SANDBOXING = YES;
				GCC_C_LANGUAGE_STANDARD = gnu11;
				GCC_DYNAMIC_NO_PIC = NO;
				GCC_NO_COMMON_BLOCKS = YES;
				GCC_OPTIMIZATION_LEVEL = 0;
				GCC_PREPROCESSOR_DEFINITIONS = (
					"DEBUG=1",
					"$(inherited)",
				);
				GCC_WARN_64_TO_32_BIT_CONVERSION = YES;
				GCC_WARN_ABOUT_RETURN_TYPE = YES_ERROR;
				GCC_WARN_UNDECLARED_SELECTOR = YES;
				GCC_WARN_UNINITIALIZED_AUTOS = YES_AGGRESSIVE;
				GCC_WARN_UNUSED_FUNCTION = YES;
				GCC_WARN_UNUSED_VARIABLE = YES;
				IPHONEOS_DEPLOYMENT_TARGET = 17.0;
				MTL_ENABLE_DEBUG_INFO = INCLUDE_SOURCE;
				MTL_FAST_MATH = YES;
				ONLY_ACTIVE_ARCH = YES;
				SDKROOT = iphoneos;
				SWIFT_ACTIVE_COMPILATION_CONDITIONS = DEBUG;
				SWIFT_OPTIMIZATION_LEVEL = "-Onone";
			};
			name = Debug;
		};
		A9A8221E2AF355FF002E0F61 /* Release */ = {
			isa = XCBuildConfiguration;
			buildSettings = {
				ALWAYS_SEARCH_USER_PATHS = NO;
				CLANG_ANALYZER_NONNULL = YES;
				CLANG_ANALYZER_NUMBER_OBJECT_CONVERSION = YES_AGGRESSIVE;
				CLANG_CXX_LANGUAGE_STANDARD = "gnu++20";
				CLANG_ENABLE_MODULES = YES;
				CLANG_ENABLE_OBJC_ARC = YES;
				CLANG_ENABLE_OBJC_WEAK = YES;
				CLANG_WARN_BLOCK_CAPTURE_AUTORELEASING = YES;
				CLANG_WARN_BOOL_CONVERSION = YES;
				CLANG_WARN_COMMA = YES;
				CLANG_WARN_CONSTANT_CONVERSION = YES;
				CLANG_WARN_DEPRECATED_OBJC_IMPLEMENTATIONS = YES;
				CLANG_WARN_DIRECT_OBJC_ISA_USAGE = YES_ERROR;
				CLANG_WARN_DOCUMENTATION_COMMENTS = YES;
				CLANG_WARN_EMPTY_BODY = YES;
				CLANG_WARN_ENUM_CONVERSION = YES;
				CLANG_WARN_INFINITE_RECURSION = YES;
				CLANG_WARN_INT_CONVERSION = YES;
				CLANG_WARN_NON_LITERAL_NULL_CONVERSION = YES;
				CLANG_WARN_OBJC_IMPLICIT_RETAIN_SELF = YES;
				CLANG_WARN_OBJC_LITERAL_CONVERSION = YES;
				CLANG_WARN_OBJC_ROOT_CLASS = YES_ERROR;
				CLANG_WARN_QUOTED_INCLUDE_IN_FRAMEWORK_HEADER = YES;
				CLANG_WARN_RANGE_LOOP_ANALYSIS = YES;
				CLANG_WARN_STRICT_PROTOTYPES = YES;
				CLANG_WARN_SUSPICIOUS_MOVE = YES;
				CLANG_WARN_UNGUARDED_AVAILABILITY = YES_AGGRESSIVE;
				CLANG_WARN_UNREACHABLE_CODE = YES;
				CLANG_WARN__DUPLICATE_METHOD_MATCH = YES;
				COPY_PHASE_STRIP = NO;
				DEBUG_INFORMATION_FORMAT = "dwarf-with-dsym";
				ENABLE_NS_ASSERTIONS = NO;
				ENABLE_STRICT_OBJC_MSGSEND = YES;
				ENABLE_USER_SCRIPT_SANDBOXING = YES;
				GCC_C_LANGUAGE_STANDARD = gnu11;
				GCC_NO_COMMON_BLOCKS = YES;
				GCC_WARN_64_TO_32_BIT_CONVERSION = YES;
				GCC_WARN_ABOUT_RETURN_TYPE = YES_ERROR;
				GCC_WARN_UNDECLARED_SELECTOR = YES;
				GCC_WARN_UNINITIALIZED_AUTOS = YES_AGGRESSIVE;
				GCC_WARN_UNUSED_FUNCTION = YES;
				GCC_WARN_UNUSED_VARIABLE = YES;
				IPHONEOS_DEPLOYMENT_TARGET = 17.0;
				MTL_ENABLE_DEBUG_INFO = NO;
				MTL_FAST_MATH = YES;
				SDKROOT = iphoneos;
				SWIFT_COMPILATION_MODE = wholemodule;
				SWIFT_OPTIMIZATION_LEVEL = "-O";
				VALIDATE_PRODUCT = YES;
			};
			name = Release;
		};
		A9A822202AF355FF002E0F61 /* Debug */ = {
			isa = XCBuildConfiguration;
			buildSettings = {
				ALWAYS_EMBED_SWIFT_STANDARD_LIBRARIES = YES;
				ASSETCATALOG_COMPILER_APPICON_NAME = AppIcon;
				ASSETCATALOG_COMPILER_GLOBAL_ACCENT_COLOR_NAME = AccentColor;
				CODE_SIGN_ENTITLEMENTS = Foca2/Foca2.entitlements;
				CODE_SIGN_STYLE = Automatic;
				CURRENT_PROJECT_VERSION = 1;
				DEVELOPMENT_ASSET_PATHS = "\"Foca2/Preview Content\"";
				DEVELOPMENT_TEAM = 2L6XN9RA4T;
				ENABLE_PREVIEWS = YES;
				GENERATE_INFOPLIST_FILE = YES;
				INFOPLIST_FILE = Foca2/Info.plist;
				INFOPLIST_KEY_CFBundleDisplayName = Foca;
				INFOPLIST_KEY_UIApplicationSceneManifest_Generation = YES;
				INFOPLIST_KEY_UIApplicationSupportsIndirectInputEvents = YES;
				INFOPLIST_KEY_UISupportedInterfaceOrientations = "UIInterfaceOrientationLandscapeLeft UIInterfaceOrientationLandscapeRight UIInterfaceOrientationPortrait";
				INFOPLIST_KEY_UISupportedInterfaceOrientations_iPad = "UIInterfaceOrientationLandscapeLeft UIInterfaceOrientationLandscapeRight UIInterfaceOrientationPortrait UIInterfaceOrientationPortraitUpsideDown";
				IPHONEOS_DEPLOYMENT_TARGET = 17.0;
				LD_RUNPATH_SEARCH_PATHS = (
					"$(inherited)",
					"@executable_path/Frameworks",
				);
				MARKETING_VERSION = 1.0;
				PRODUCT_BUNDLE_IDENTIFIER = app.Foca2;
				PRODUCT_NAME = "$(TARGET_NAME)";
				SWIFT_EMIT_LOC_STRINGS = YES;
				SWIFT_VERSION = 5.0;
				TARGETED_DEVICE_FAMILY = "1,2";
			};
			name = Debug;
		};
		A9A822212AF355FF002E0F61 /* Release */ = {
			isa = XCBuildConfiguration;
			buildSettings = {
				ALWAYS_EMBED_SWIFT_STANDARD_LIBRARIES = YES;
				ASSETCATALOG_COMPILER_APPICON_NAME = AppIcon;
				ASSETCATALOG_COMPILER_GLOBAL_ACCENT_COLOR_NAME = AccentColor;
				CODE_SIGN_ENTITLEMENTS = Foca2/Foca2.entitlements;
				CODE_SIGN_STYLE = Automatic;
				CURRENT_PROJECT_VERSION = 1;
				DEVELOPMENT_ASSET_PATHS = "\"Foca2/Preview Content\"";
				DEVELOPMENT_TEAM = 2L6XN9RA4T;
				ENABLE_PREVIEWS = YES;
				GENERATE_INFOPLIST_FILE = YES;
				INFOPLIST_FILE = Foca2/Info.plist;
				INFOPLIST_KEY_CFBundleDisplayName = Foca;
				INFOPLIST_KEY_UIApplicationSceneManifest_Generation = YES;
				INFOPLIST_KEY_UIApplicationSupportsIndirectInputEvents = YES;
				INFOPLIST_KEY_UISupportedInterfaceOrientations = "UIInterfaceOrientationLandscapeLeft UIInterfaceOrientationLandscapeRight UIInterfaceOrientationPortrait";
				INFOPLIST_KEY_UISupportedInterfaceOrientations_iPad = "UIInterfaceOrientationLandscapeLeft UIInterfaceOrientationLandscapeRight UIInterfaceOrientationPortrait UIInterfaceOrientationPortraitUpsideDown";
				IPHONEOS_DEPLOYMENT_TARGET = 17.0;
				LD_RUNPATH_SEARCH_PATHS = (
					"$(inherited)",
					"@executable_path/Frameworks",
				);
				MARKETING_VERSION = 1.0;
				PRODUCT_BUNDLE_IDENTIFIER = app.Foca2;
				PRODUCT_NAME = "$(TARGET_NAME)";
				SWIFT_EMIT_LOC_STRINGS = YES;
				SWIFT_VERSION = 5.0;
				TARGETED_DEVICE_FAMILY = "1,2";
			};
			name = Release;
		};
		A9BFCEE62B64396A00F55EE3 /* Debug */ = {
			isa = XCBuildConfiguration;
			buildSettings = {
				APPLICATION_EXTENSION_API_ONLY = YES;
				ASSETCATALOG_COMPILER_GENERATE_SWIFT_ASSET_SYMBOL_EXTENSIONS = YES;
				CODE_SIGN_ENTITLEMENTS = DeviceActivityMonitor/DeviceActivityMonitor.entitlements;
				CODE_SIGN_STYLE = Automatic;
				CURRENT_PROJECT_VERSION = 1;
				DEVELOPMENT_TEAM = 2L6XN9RA4T;
				GCC_C_LANGUAGE_STANDARD = gnu17;
				GENERATE_INFOPLIST_FILE = YES;
				INFOPLIST_FILE = DeviceActivityMonitor/Info.plist;
				INFOPLIST_KEY_CFBundleDisplayName = DeviceActivityMonitor;
				INFOPLIST_KEY_NSHumanReadableCopyright = "";
				IPHONEOS_DEPLOYMENT_TARGET = 17.0;
				LD_RUNPATH_SEARCH_PATHS = (
					"$(inherited)",
					"@executable_path/Frameworks",
					"@executable_path/../../Frameworks",
				);
				LOCALIZATION_PREFERS_STRING_CATALOGS = YES;
				MARKETING_VERSION = 1.0;
				PRODUCT_BUNDLE_IDENTIFIER = app.Foca2.DeviceActivityMonitor;
				PRODUCT_NAME = "$(TARGET_NAME)";
				SKIP_INSTALL = YES;
				SWIFT_ACTIVE_COMPILATION_CONDITIONS = "DEBUG $(inherited)";
				SWIFT_EMIT_LOC_STRINGS = YES;
				SWIFT_VERSION = 5.0;
				TARGETED_DEVICE_FAMILY = "1,2";
			};
			name = Debug;
		};
		A9BFCEE72B64396A00F55EE3 /* Release */ = {
			isa = XCBuildConfiguration;
			buildSettings = {
				APPLICATION_EXTENSION_API_ONLY = YES;
				ASSETCATALOG_COMPILER_GENERATE_SWIFT_ASSET_SYMBOL_EXTENSIONS = YES;
				CODE_SIGN_ENTITLEMENTS = DeviceActivityMonitor/DeviceActivityMonitor.entitlements;
				CODE_SIGN_STYLE = Automatic;
				CURRENT_PROJECT_VERSION = 1;
				DEVELOPMENT_TEAM = 2L6XN9RA4T;
				GCC_C_LANGUAGE_STANDARD = gnu17;
				GENERATE_INFOPLIST_FILE = YES;
				INFOPLIST_FILE = DeviceActivityMonitor/Info.plist;
				INFOPLIST_KEY_CFBundleDisplayName = DeviceActivityMonitor;
				INFOPLIST_KEY_NSHumanReadableCopyright = "";
				IPHONEOS_DEPLOYMENT_TARGET = 17.0;
				LD_RUNPATH_SEARCH_PATHS = (
					"$(inherited)",
					"@executable_path/Frameworks",
					"@executable_path/../../Frameworks",
				);
				LOCALIZATION_PREFERS_STRING_CATALOGS = YES;
				MARKETING_VERSION = 1.0;
				PRODUCT_BUNDLE_IDENTIFIER = app.Foca2.DeviceActivityMonitor;
				PRODUCT_NAME = "$(TARGET_NAME)";
				SKIP_INSTALL = YES;
				SWIFT_EMIT_LOC_STRINGS = YES;
				SWIFT_VERSION = 5.0;
				TARGETED_DEVICE_FAMILY = "1,2";
			};
			name = Release;
		};
		A9F5B18A2B7DE65300CD4F69 /* Debug */ = {
			isa = XCBuildConfiguration;
			buildSettings = {
				ASSETCATALOG_COMPILER_GENERATE_SWIFT_ASSET_SYMBOL_EXTENSIONS = YES;
				CODE_SIGN_ENTITLEMENTS = ShieldConfiguration/ShieldConfiguration.entitlements;
				CODE_SIGN_STYLE = Automatic;
				CURRENT_PROJECT_VERSION = 1;
				DEVELOPMENT_TEAM = 2L6XN9RA4T;
				GCC_C_LANGUAGE_STANDARD = gnu17;
				GENERATE_INFOPLIST_FILE = YES;
				INFOPLIST_FILE = ShieldConfiguration/Info.plist;
				INFOPLIST_KEY_CFBundleDisplayName = ShieldConfiguration;
				INFOPLIST_KEY_NSHumanReadableCopyright = "";
				IPHONEOS_DEPLOYMENT_TARGET = 17.0;
				LD_RUNPATH_SEARCH_PATHS = (
					"$(inherited)",
					"@executable_path/Frameworks",
					"@executable_path/../../Frameworks",
				);
				LOCALIZATION_PREFERS_STRING_CATALOGS = YES;
				MARKETING_VERSION = 1.0;
				PRODUCT_BUNDLE_IDENTIFIER = app.Foca2.ShieldConfiguration;
				PRODUCT_NAME = "$(TARGET_NAME)";
				SKIP_INSTALL = YES;
				SWIFT_ACTIVE_COMPILATION_CONDITIONS = "DEBUG $(inherited)";
				SWIFT_EMIT_LOC_STRINGS = YES;
				SWIFT_VERSION = 5.0;
				TARGETED_DEVICE_FAMILY = "1,2";
			};
			name = Debug;
		};
		A9F5B18B2B7DE65300CD4F69 /* Release */ = {
			isa = XCBuildConfiguration;
			buildSettings = {
				ASSETCATALOG_COMPILER_GENERATE_SWIFT_ASSET_SYMBOL_EXTENSIONS = YES;
				CODE_SIGN_ENTITLEMENTS = ShieldConfiguration/ShieldConfiguration.entitlements;
				CODE_SIGN_STYLE = Automatic;
				CURRENT_PROJECT_VERSION = 1;
				DEVELOPMENT_TEAM = 2L6XN9RA4T;
				GCC_C_LANGUAGE_STANDARD = gnu17;
				GENERATE_INFOPLIST_FILE = YES;
				INFOPLIST_FILE = ShieldConfiguration/Info.plist;
				INFOPLIST_KEY_CFBundleDisplayName = ShieldConfiguration;
				INFOPLIST_KEY_NSHumanReadableCopyright = "";
				IPHONEOS_DEPLOYMENT_TARGET = 17.0;
				LD_RUNPATH_SEARCH_PATHS = (
					"$(inherited)",
					"@executable_path/Frameworks",
					"@executable_path/../../Frameworks",
				);
				LOCALIZATION_PREFERS_STRING_CATALOGS = YES;
				MARKETING_VERSION = 1.0;
				PRODUCT_BUNDLE_IDENTIFIER = app.Foca2.ShieldConfiguration;
				PRODUCT_NAME = "$(TARGET_NAME)";
				SKIP_INSTALL = YES;
				SWIFT_EMIT_LOC_STRINGS = YES;
				SWIFT_VERSION = 5.0;
				TARGETED_DEVICE_FAMILY = "1,2";
			};
			name = Release;
		};
/* End XCBuildConfiguration section */

/* Begin XCConfigurationList section */
		A959B0D22BA757840049ADEF /* Build configuration list for PBXNativeTarget "ShieldAction" */ = {
			isa = XCConfigurationList;
			buildConfigurations = (
				A959B0D32BA757840049ADEF /* Debug */,
				A959B0D42BA757840049ADEF /* Release */,
			);
			defaultConfigurationIsVisible = 0;
			defaultConfigurationName = Release;
		};
		A9A821F62AF355FE002E0F61 /* Build configuration list for PBXProject "Foca2" */ = {
			isa = XCConfigurationList;
			buildConfigurations = (
				A9A8221D2AF355FF002E0F61 /* Debug */,
				A9A8221E2AF355FF002E0F61 /* Release */,
			);
			defaultConfigurationIsVisible = 0;
			defaultConfigurationName = Release;
		};
		A9A8221F2AF355FF002E0F61 /* Build configuration list for PBXNativeTarget "Foca2" */ = {
			isa = XCConfigurationList;
			buildConfigurations = (
				A9A822202AF355FF002E0F61 /* Debug */,
				A9A822212AF355FF002E0F61 /* Release */,
			);
			defaultConfigurationIsVisible = 0;
			defaultConfigurationName = Release;
		};
		A9BFCEE52B64396A00F55EE3 /* Build configuration list for PBXNativeTarget "DeviceActivityMonitor" */ = {
			isa = XCConfigurationList;
			buildConfigurations = (
				A9BFCEE62B64396A00F55EE3 /* Debug */,
				A9BFCEE72B64396A00F55EE3 /* Release */,
			);
			defaultConfigurationIsVisible = 0;
			defaultConfigurationName = Release;
		};
		A9F5B1892B7DE65300CD4F69 /* Build configuration list for PBXNativeTarget "ShieldConfiguration" */ = {
			isa = XCConfigurationList;
			buildConfigurations = (
				A9F5B18A2B7DE65300CD4F69 /* Debug */,
				A9F5B18B2B7DE65300CD4F69 /* Release */,
			);
			defaultConfigurationIsVisible = 0;
			defaultConfigurationName = Release;
		};
/* End XCConfigurationList section */

/* Begin XCSwiftPackageProductDependency section */
		A90CD79F2B4A651F008036D4 /* CalendarKit */ = {
			isa = XCSwiftPackageProductDependency;
			productName = CalendarKit;
		};
/* End XCSwiftPackageProductDependency section */

/* Begin XCVersionGroup section */
		A9A822282AF356E9002E0F61 /* Foca2.xcdatamodeld */ = {
			isa = XCVersionGroup;
			children = (
				A9A822292AF356E9002E0F61 /* Foca2.xcdatamodel */,
			);
			currentVersion = A9A822292AF356E9002E0F61 /* Foca2.xcdatamodel */;
			path = Foca2.xcdatamodeld;
			sourceTree = "<group>";
			versionGroupType = wrapper.xcdatamodel;
		};
/* End XCVersionGroup section */
	};
	rootObject = A9A821F32AF355FE002E0F61 /* Project object */;
}
